
Microsoft Visual Studio Solution File, Format Version 12.00
# Visual Studio 15
VisualStudioVersion = 15.0.27703.2018
MinimumVisualStudioVersion = 10.0.40219.1
Project("{9A19103F-16F7-4668-BE54-9A1E7A4F7556}") = "BiblioJdr", "BiblioJdr\BiblioJdr.csproj", "{05F32658-C906-4B42-91C0-227EA19BCEC4}"
EndProject
Project("{FAE04EC0-301F-11D3-BF4B-00C04F79EFBC}") = "TestUnit", "TestUnit\TestUnit.csproj", "{001D76E6-F8DC-48A4-BB3A-C305351C619C}"
EndProject
Project("{9A19103F-16F7-4668-BE54-9A1E7A4F7556}") = "Afficheur", "Afficheur\Afficheur.csproj", "{6C38B42B-7A1F-4D31-8024-CF9814C3EAD6}"
EndProject
Project("{9A19103F-16F7-4668-BE54-9A1E7A4F7556}") = "APIItem", "APIItem\APIItem.csproj", "{4A60A5F6-CCBA-427F-B31E-5D6E59038F6B}"
EndProject
Project("{9A19103F-16F7-4668-BE54-9A1E7A4F7556}") = "APIPersonnage", "APIPersonnage\APIPersonnage.csproj", "{34D31034-0E05-400F-AC6A-A872A41E33DD}"
EndProject
Project("{FAE04EC0-301F-11D3-BF4B-00C04F79EFBC}") = "AppAdmin", "AppAdmin\AppAdmin.csproj", "{7A0312D9-3308-4827-BB99-DAC189FF72CF}"
EndProject
Project("{9A19103F-16F7-4668-BE54-9A1E7A4F7556}") = "APIOcelot", "APIOcelot\APIOcelot.csproj", "{723AFBE6-B448-4A6B-85D1-C1238CF66E41}"
EndProject
Project("{9A19103F-16F7-4668-BE54-9A1E7A4F7556}") = "BPersistance", "BPersistance\BPersistance.csproj", "{AD2F8842-FD67-43A8-BC82-D48E54D3D9CF}"
EndProject
Project("{2150E333-8FDC-42A3-9474-1A3956D46DE8}") = "Api", "Api", "{BF4BE529-353B-409B-97DC-C103823235C0}"
EndProject
Project("{9A19103F-16F7-4668-BE54-9A1E7A4F7556}") = "XUnitTestProject1", "XUnitTestProject1\XUnitTestProject1.csproj", "{DC3AE6A6-1583-476F-9DF4-D307AC32BFBE}"
EndProject
Project("{9A19103F-16F7-4668-BE54-9A1E7A4F7556}") = "IdentityServer", "IdentityServer\IdentityServer.csproj", "{0ADAD8E5-770C-4F3F-A043-03D49280B6FF}"
EndProject
Project("{FAE04EC0-301F-11D3-BF4B-00C04F79EFBC}") = "RPGTools.Android", "RPGTools\RPGTools.Android\RPGTools.Android.csproj", "{82F1598A-966D-4EFD-818C-19969D53D656}"
EndProject
Project("{FAE04EC0-301F-11D3-BF4B-00C04F79EFBC}") = "RPGTools.iOS", "RPGTools\RPGTools.iOS\RPGTools.iOS.csproj", "{86123C8D-5184-42CC-AA90-3F1A9A869163}"
EndProject
Project("{FAE04EC0-301F-11D3-BF4B-00C04F79EFBC}") = "RPGTools.UWP", "RPGTools\RPGTools.UWP\RPGTools.UWP.csproj", "{CE2FD043-E5B7-42FF-95D3-1ABBD8AA9811}"
EndProject
Project("{9A19103F-16F7-4668-BE54-9A1E7A4F7556}") = "RPGTools", "RPGTools\RPGTools\RPGTools.csproj", "{DFC8F795-09A6-4FF0-812B-B93EC497AF79}"
EndProject
Project("{2150E333-8FDC-42A3-9474-1A3956D46DE8}") = "AppXamarin", "AppXamarin", "{3E26D345-0F7B-4EAB-B189-C5EA2247A90A}"
EndProject
Global
	GlobalSection(SolutionConfigurationPlatforms) = preSolution
		Ad-Hoc|Any CPU = Ad-Hoc|Any CPU
		Ad-Hoc|ARM = Ad-Hoc|ARM
		Ad-Hoc|iPhone = Ad-Hoc|iPhone
		Ad-Hoc|iPhoneSimulator = Ad-Hoc|iPhoneSimulator
		Ad-Hoc|x64 = Ad-Hoc|x64
		Ad-Hoc|x86 = Ad-Hoc|x86
		AppStore|Any CPU = AppStore|Any CPU
		AppStore|ARM = AppStore|ARM
		AppStore|iPhone = AppStore|iPhone
		AppStore|iPhoneSimulator = AppStore|iPhoneSimulator
		AppStore|x64 = AppStore|x64
		AppStore|x86 = AppStore|x86
		Debug|Any CPU = Debug|Any CPU
		Debug|ARM = Debug|ARM
		Debug|iPhone = Debug|iPhone
		Debug|iPhoneSimulator = Debug|iPhoneSimulator
		Debug|x64 = Debug|x64
		Debug|x86 = Debug|x86
		Release|Any CPU = Release|Any CPU
		Release|ARM = Release|ARM
		Release|iPhone = Release|iPhone
		Release|iPhoneSimulator = Release|iPhoneSimulator
		Release|x64 = Release|x64
		Release|x86 = Release|x86
	EndGlobalSection
	GlobalSection(ProjectConfigurationPlatforms) = postSolution
		{05F32658-C906-4B42-91C0-227EA19BCEC4}.Ad-Hoc|Any CPU.ActiveCfg = Release|Any CPU
		{05F32658-C906-4B42-91C0-227EA19BCEC4}.Ad-Hoc|Any CPU.Build.0 = Release|Any CPU
		{05F32658-C906-4B42-91C0-227EA19BCEC4}.Ad-Hoc|ARM.ActiveCfg = Release|Any CPU
		{05F32658-C906-4B42-91C0-227EA19BCEC4}.Ad-Hoc|ARM.Build.0 = Release|Any CPU
		{05F32658-C906-4B42-91C0-227EA19BCEC4}.Ad-Hoc|iPhone.ActiveCfg = Release|Any CPU
		{05F32658-C906-4B42-91C0-227EA19BCEC4}.Ad-Hoc|iPhone.Build.0 = Release|Any CPU
		{05F32658-C906-4B42-91C0-227EA19BCEC4}.Ad-Hoc|iPhoneSimulator.ActiveCfg = Release|Any CPU
		{05F32658-C906-4B42-91C0-227EA19BCEC4}.Ad-Hoc|iPhoneSimulator.Build.0 = Release|Any CPU
		{05F32658-C906-4B42-91C0-227EA19BCEC4}.Ad-Hoc|x64.ActiveCfg = Release|Any CPU
		{05F32658-C906-4B42-91C0-227EA19BCEC4}.Ad-Hoc|x64.Build.0 = Release|Any CPU
		{05F32658-C906-4B42-91C0-227EA19BCEC4}.Ad-Hoc|x86.ActiveCfg = Release|Any CPU
		{05F32658-C906-4B42-91C0-227EA19BCEC4}.Ad-Hoc|x86.Build.0 = Release|Any CPU
		{05F32658-C906-4B42-91C0-227EA19BCEC4}.AppStore|Any CPU.ActiveCfg = Release|Any CPU
		{05F32658-C906-4B42-91C0-227EA19BCEC4}.AppStore|Any CPU.Build.0 = Release|Any CPU
		{05F32658-C906-4B42-91C0-227EA19BCEC4}.AppStore|ARM.ActiveCfg = Release|Any CPU
		{05F32658-C906-4B42-91C0-227EA19BCEC4}.AppStore|ARM.Build.0 = Release|Any CPU
		{05F32658-C906-4B42-91C0-227EA19BCEC4}.AppStore|iPhone.ActiveCfg = Release|Any CPU
		{05F32658-C906-4B42-91C0-227EA19BCEC4}.AppStore|iPhone.Build.0 = Release|Any CPU
		{05F32658-C906-4B42-91C0-227EA19BCEC4}.AppStore|iPhoneSimulator.ActiveCfg = Release|Any CPU
		{05F32658-C906-4B42-91C0-227EA19BCEC4}.AppStore|iPhoneSimulator.Build.0 = Release|Any CPU
		{05F32658-C906-4B42-91C0-227EA19BCEC4}.AppStore|x64.ActiveCfg = Release|Any CPU
		{05F32658-C906-4B42-91C0-227EA19BCEC4}.AppStore|x64.Build.0 = Release|Any CPU
		{05F32658-C906-4B42-91C0-227EA19BCEC4}.AppStore|x86.ActiveCfg = Release|Any CPU
		{05F32658-C906-4B42-91C0-227EA19BCEC4}.AppStore|x86.Build.0 = Release|Any CPU
		{05F32658-C906-4B42-91C0-227EA19BCEC4}.Debug|Any CPU.ActiveCfg = Debug|Any CPU
		{05F32658-C906-4B42-91C0-227EA19BCEC4}.Debug|Any CPU.Build.0 = Debug|Any CPU
		{05F32658-C906-4B42-91C0-227EA19BCEC4}.Debug|ARM.ActiveCfg = Debug|Any CPU
		{05F32658-C906-4B42-91C0-227EA19BCEC4}.Debug|ARM.Build.0 = Debug|Any CPU
		{05F32658-C906-4B42-91C0-227EA19BCEC4}.Debug|iPhone.ActiveCfg = Debug|Any CPU
		{05F32658-C906-4B42-91C0-227EA19BCEC4}.Debug|iPhone.Build.0 = Debug|Any CPU
		{05F32658-C906-4B42-91C0-227EA19BCEC4}.Debug|iPhoneSimulator.ActiveCfg = Debug|Any CPU
		{05F32658-C906-4B42-91C0-227EA19BCEC4}.Debug|iPhoneSimulator.Build.0 = Debug|Any CPU
		{05F32658-C906-4B42-91C0-227EA19BCEC4}.Debug|x64.ActiveCfg = Debug|Any CPU
		{05F32658-C906-4B42-91C0-227EA19BCEC4}.Debug|x64.Build.0 = Debug|Any CPU
		{05F32658-C906-4B42-91C0-227EA19BCEC4}.Debug|x86.ActiveCfg = Debug|Any CPU
		{05F32658-C906-4B42-91C0-227EA19BCEC4}.Debug|x86.Build.0 = Debug|Any CPU
		{05F32658-C906-4B42-91C0-227EA19BCEC4}.Release|Any CPU.ActiveCfg = Release|Any CPU
		{05F32658-C906-4B42-91C0-227EA19BCEC4}.Release|Any CPU.Build.0 = Release|Any CPU
		{05F32658-C906-4B42-91C0-227EA19BCEC4}.Release|ARM.ActiveCfg = Release|Any CPU
		{05F32658-C906-4B42-91C0-227EA19BCEC4}.Release|ARM.Build.0 = Release|Any CPU
		{05F32658-C906-4B42-91C0-227EA19BCEC4}.Release|iPhone.ActiveCfg = Release|Any CPU
		{05F32658-C906-4B42-91C0-227EA19BCEC4}.Release|iPhone.Build.0 = Release|Any CPU
		{05F32658-C906-4B42-91C0-227EA19BCEC4}.Release|iPhoneSimulator.ActiveCfg = Release|Any CPU
		{05F32658-C906-4B42-91C0-227EA19BCEC4}.Release|iPhoneSimulator.Build.0 = Release|Any CPU
		{05F32658-C906-4B42-91C0-227EA19BCEC4}.Release|x64.ActiveCfg = Release|Any CPU
		{05F32658-C906-4B42-91C0-227EA19BCEC4}.Release|x64.Build.0 = Release|Any CPU
		{05F32658-C906-4B42-91C0-227EA19BCEC4}.Release|x86.ActiveCfg = Release|Any CPU
		{05F32658-C906-4B42-91C0-227EA19BCEC4}.Release|x86.Build.0 = Release|Any CPU
		{001D76E6-F8DC-48A4-BB3A-C305351C619C}.Ad-Hoc|Any CPU.ActiveCfg = Release|Any CPU
		{001D76E6-F8DC-48A4-BB3A-C305351C619C}.Ad-Hoc|Any CPU.Build.0 = Release|Any CPU
		{001D76E6-F8DC-48A4-BB3A-C305351C619C}.Ad-Hoc|ARM.ActiveCfg = Release|Any CPU
		{001D76E6-F8DC-48A4-BB3A-C305351C619C}.Ad-Hoc|ARM.Build.0 = Release|Any CPU
		{001D76E6-F8DC-48A4-BB3A-C305351C619C}.Ad-Hoc|iPhone.ActiveCfg = Release|Any CPU
		{001D76E6-F8DC-48A4-BB3A-C305351C619C}.Ad-Hoc|iPhone.Build.0 = Release|Any CPU
		{001D76E6-F8DC-48A4-BB3A-C305351C619C}.Ad-Hoc|iPhoneSimulator.ActiveCfg = Release|Any CPU
		{001D76E6-F8DC-48A4-BB3A-C305351C619C}.Ad-Hoc|iPhoneSimulator.Build.0 = Release|Any CPU
		{001D76E6-F8DC-48A4-BB3A-C305351C619C}.Ad-Hoc|x64.ActiveCfg = Release|Any CPU
		{001D76E6-F8DC-48A4-BB3A-C305351C619C}.Ad-Hoc|x64.Build.0 = Release|Any CPU
		{001D76E6-F8DC-48A4-BB3A-C305351C619C}.Ad-Hoc|x86.ActiveCfg = Release|Any CPU
		{001D76E6-F8DC-48A4-BB3A-C305351C619C}.Ad-Hoc|x86.Build.0 = Release|Any CPU
		{001D76E6-F8DC-48A4-BB3A-C305351C619C}.AppStore|Any CPU.ActiveCfg = Release|Any CPU
		{001D76E6-F8DC-48A4-BB3A-C305351C619C}.AppStore|Any CPU.Build.0 = Release|Any CPU
		{001D76E6-F8DC-48A4-BB3A-C305351C619C}.AppStore|ARM.ActiveCfg = Release|Any CPU
		{001D76E6-F8DC-48A4-BB3A-C305351C619C}.AppStore|ARM.Build.0 = Release|Any CPU
		{001D76E6-F8DC-48A4-BB3A-C305351C619C}.AppStore|iPhone.ActiveCfg = Release|Any CPU
		{001D76E6-F8DC-48A4-BB3A-C305351C619C}.AppStore|iPhone.Build.0 = Release|Any CPU
		{001D76E6-F8DC-48A4-BB3A-C305351C619C}.AppStore|iPhoneSimulator.ActiveCfg = Release|Any CPU
		{001D76E6-F8DC-48A4-BB3A-C305351C619C}.AppStore|iPhoneSimulator.Build.0 = Release|Any CPU
		{001D76E6-F8DC-48A4-BB3A-C305351C619C}.AppStore|x64.ActiveCfg = Release|Any CPU
		{001D76E6-F8DC-48A4-BB3A-C305351C619C}.AppStore|x64.Build.0 = Release|Any CPU
		{001D76E6-F8DC-48A4-BB3A-C305351C619C}.AppStore|x86.ActiveCfg = Release|Any CPU
		{001D76E6-F8DC-48A4-BB3A-C305351C619C}.AppStore|x86.Build.0 = Release|Any CPU
		{001D76E6-F8DC-48A4-BB3A-C305351C619C}.Debug|Any CPU.ActiveCfg = Debug|Any CPU
		{001D76E6-F8DC-48A4-BB3A-C305351C619C}.Debug|Any CPU.Build.0 = Debug|Any CPU
		{001D76E6-F8DC-48A4-BB3A-C305351C619C}.Debug|ARM.ActiveCfg = Debug|Any CPU
		{001D76E6-F8DC-48A4-BB3A-C305351C619C}.Debug|ARM.Build.0 = Debug|Any CPU
		{001D76E6-F8DC-48A4-BB3A-C305351C619C}.Debug|iPhone.ActiveCfg = Debug|Any CPU
		{001D76E6-F8DC-48A4-BB3A-C305351C619C}.Debug|iPhone.Build.0 = Debug|Any CPU
		{001D76E6-F8DC-48A4-BB3A-C305351C619C}.Debug|iPhoneSimulator.ActiveCfg = Debug|Any CPU
		{001D76E6-F8DC-48A4-BB3A-C305351C619C}.Debug|iPhoneSimulator.Build.0 = Debug|Any CPU
		{001D76E6-F8DC-48A4-BB3A-C305351C619C}.Debug|x64.ActiveCfg = Debug|Any CPU
		{001D76E6-F8DC-48A4-BB3A-C305351C619C}.Debug|x64.Build.0 = Debug|Any CPU
		{001D76E6-F8DC-48A4-BB3A-C305351C619C}.Debug|x86.ActiveCfg = Debug|Any CPU
		{001D76E6-F8DC-48A4-BB3A-C305351C619C}.Debug|x86.Build.0 = Debug|Any CPU
		{001D76E6-F8DC-48A4-BB3A-C305351C619C}.Release|Any CPU.ActiveCfg = Release|Any CPU
		{001D76E6-F8DC-48A4-BB3A-C305351C619C}.Release|Any CPU.Build.0 = Release|Any CPU
		{001D76E6-F8DC-48A4-BB3A-C305351C619C}.Release|ARM.ActiveCfg = Release|Any CPU
		{001D76E6-F8DC-48A4-BB3A-C305351C619C}.Release|ARM.Build.0 = Release|Any CPU
		{001D76E6-F8DC-48A4-BB3A-C305351C619C}.Release|iPhone.ActiveCfg = Release|Any CPU
		{001D76E6-F8DC-48A4-BB3A-C305351C619C}.Release|iPhone.Build.0 = Release|Any CPU
		{001D76E6-F8DC-48A4-BB3A-C305351C619C}.Release|iPhoneSimulator.ActiveCfg = Release|Any CPU
		{001D76E6-F8DC-48A4-BB3A-C305351C619C}.Release|iPhoneSimulator.Build.0 = Release|Any CPU
		{001D76E6-F8DC-48A4-BB3A-C305351C619C}.Release|x64.ActiveCfg = Release|Any CPU
		{001D76E6-F8DC-48A4-BB3A-C305351C619C}.Release|x64.Build.0 = Release|Any CPU
		{001D76E6-F8DC-48A4-BB3A-C305351C619C}.Release|x86.ActiveCfg = Release|Any CPU
		{001D76E6-F8DC-48A4-BB3A-C305351C619C}.Release|x86.Build.0 = Release|Any CPU
		{6C38B42B-7A1F-4D31-8024-CF9814C3EAD6}.Ad-Hoc|Any CPU.ActiveCfg = Release|Any CPU
		{6C38B42B-7A1F-4D31-8024-CF9814C3EAD6}.Ad-Hoc|Any CPU.Build.0 = Release|Any CPU
		{6C38B42B-7A1F-4D31-8024-CF9814C3EAD6}.Ad-Hoc|ARM.ActiveCfg = Release|Any CPU
		{6C38B42B-7A1F-4D31-8024-CF9814C3EAD6}.Ad-Hoc|ARM.Build.0 = Release|Any CPU
		{6C38B42B-7A1F-4D31-8024-CF9814C3EAD6}.Ad-Hoc|iPhone.ActiveCfg = Release|Any CPU
		{6C38B42B-7A1F-4D31-8024-CF9814C3EAD6}.Ad-Hoc|iPhone.Build.0 = Release|Any CPU
		{6C38B42B-7A1F-4D31-8024-CF9814C3EAD6}.Ad-Hoc|iPhoneSimulator.ActiveCfg = Release|Any CPU
		{6C38B42B-7A1F-4D31-8024-CF9814C3EAD6}.Ad-Hoc|iPhoneSimulator.Build.0 = Release|Any CPU
		{6C38B42B-7A1F-4D31-8024-CF9814C3EAD6}.Ad-Hoc|x64.ActiveCfg = Release|Any CPU
		{6C38B42B-7A1F-4D31-8024-CF9814C3EAD6}.Ad-Hoc|x64.Build.0 = Release|Any CPU
		{6C38B42B-7A1F-4D31-8024-CF9814C3EAD6}.Ad-Hoc|x86.ActiveCfg = Release|Any CPU
		{6C38B42B-7A1F-4D31-8024-CF9814C3EAD6}.Ad-Hoc|x86.Build.0 = Release|Any CPU
		{6C38B42B-7A1F-4D31-8024-CF9814C3EAD6}.AppStore|Any CPU.ActiveCfg = Release|Any CPU
		{6C38B42B-7A1F-4D31-8024-CF9814C3EAD6}.AppStore|Any CPU.Build.0 = Release|Any CPU
		{6C38B42B-7A1F-4D31-8024-CF9814C3EAD6}.AppStore|ARM.ActiveCfg = Release|Any CPU
		{6C38B42B-7A1F-4D31-8024-CF9814C3EAD6}.AppStore|ARM.Build.0 = Release|Any CPU
		{6C38B42B-7A1F-4D31-8024-CF9814C3EAD6}.AppStore|iPhone.ActiveCfg = Release|Any CPU
		{6C38B42B-7A1F-4D31-8024-CF9814C3EAD6}.AppStore|iPhone.Build.0 = Release|Any CPU
		{6C38B42B-7A1F-4D31-8024-CF9814C3EAD6}.AppStore|iPhoneSimulator.ActiveCfg = Release|Any CPU
		{6C38B42B-7A1F-4D31-8024-CF9814C3EAD6}.AppStore|iPhoneSimulator.Build.0 = Release|Any CPU
		{6C38B42B-7A1F-4D31-8024-CF9814C3EAD6}.AppStore|x64.ActiveCfg = Release|Any CPU
		{6C38B42B-7A1F-4D31-8024-CF9814C3EAD6}.AppStore|x64.Build.0 = Release|Any CPU
		{6C38B42B-7A1F-4D31-8024-CF9814C3EAD6}.AppStore|x86.ActiveCfg = Release|Any CPU
		{6C38B42B-7A1F-4D31-8024-CF9814C3EAD6}.AppStore|x86.Build.0 = Release|Any CPU
		{6C38B42B-7A1F-4D31-8024-CF9814C3EAD6}.Debug|Any CPU.ActiveCfg = Debug|Any CPU
		{6C38B42B-7A1F-4D31-8024-CF9814C3EAD6}.Debug|Any CPU.Build.0 = Debug|Any CPU
		{6C38B42B-7A1F-4D31-8024-CF9814C3EAD6}.Debug|ARM.ActiveCfg = Debug|Any CPU
		{6C38B42B-7A1F-4D31-8024-CF9814C3EAD6}.Debug|ARM.Build.0 = Debug|Any CPU
		{6C38B42B-7A1F-4D31-8024-CF9814C3EAD6}.Debug|iPhone.ActiveCfg = Debug|Any CPU
		{6C38B42B-7A1F-4D31-8024-CF9814C3EAD6}.Debug|iPhone.Build.0 = Debug|Any CPU
		{6C38B42B-7A1F-4D31-8024-CF9814C3EAD6}.Debug|iPhoneSimulator.ActiveCfg = Debug|Any CPU
		{6C38B42B-7A1F-4D31-8024-CF9814C3EAD6}.Debug|iPhoneSimulator.Build.0 = Debug|Any CPU
		{6C38B42B-7A1F-4D31-8024-CF9814C3EAD6}.Debug|x64.ActiveCfg = Debug|Any CPU
		{6C38B42B-7A1F-4D31-8024-CF9814C3EAD6}.Debug|x64.Build.0 = Debug|Any CPU
		{6C38B42B-7A1F-4D31-8024-CF9814C3EAD6}.Debug|x86.ActiveCfg = Debug|Any CPU
		{6C38B42B-7A1F-4D31-8024-CF9814C3EAD6}.Debug|x86.Build.0 = Debug|Any CPU
		{6C38B42B-7A1F-4D31-8024-CF9814C3EAD6}.Release|Any CPU.ActiveCfg = Release|Any CPU
		{6C38B42B-7A1F-4D31-8024-CF9814C3EAD6}.Release|Any CPU.Build.0 = Release|Any CPU
		{6C38B42B-7A1F-4D31-8024-CF9814C3EAD6}.Release|ARM.ActiveCfg = Release|Any CPU
		{6C38B42B-7A1F-4D31-8024-CF9814C3EAD6}.Release|ARM.Build.0 = Release|Any CPU
		{6C38B42B-7A1F-4D31-8024-CF9814C3EAD6}.Release|iPhone.ActiveCfg = Release|Any CPU
		{6C38B42B-7A1F-4D31-8024-CF9814C3EAD6}.Release|iPhone.Build.0 = Release|Any CPU
		{6C38B42B-7A1F-4D31-8024-CF9814C3EAD6}.Release|iPhoneSimulator.ActiveCfg = Release|Any CPU
		{6C38B42B-7A1F-4D31-8024-CF9814C3EAD6}.Release|iPhoneSimulator.Build.0 = Release|Any CPU
		{6C38B42B-7A1F-4D31-8024-CF9814C3EAD6}.Release|x64.ActiveCfg = Release|Any CPU
		{6C38B42B-7A1F-4D31-8024-CF9814C3EAD6}.Release|x64.Build.0 = Release|Any CPU
		{6C38B42B-7A1F-4D31-8024-CF9814C3EAD6}.Release|x86.ActiveCfg = Release|Any CPU
		{6C38B42B-7A1F-4D31-8024-CF9814C3EAD6}.Release|x86.Build.0 = Release|Any CPU
		{4A60A5F6-CCBA-427F-B31E-5D6E59038F6B}.Ad-Hoc|Any CPU.ActiveCfg = Release|Any CPU
		{4A60A5F6-CCBA-427F-B31E-5D6E59038F6B}.Ad-Hoc|Any CPU.Build.0 = Release|Any CPU
		{4A60A5F6-CCBA-427F-B31E-5D6E59038F6B}.Ad-Hoc|ARM.ActiveCfg = Release|Any CPU
		{4A60A5F6-CCBA-427F-B31E-5D6E59038F6B}.Ad-Hoc|ARM.Build.0 = Release|Any CPU
		{4A60A5F6-CCBA-427F-B31E-5D6E59038F6B}.Ad-Hoc|iPhone.ActiveCfg = Release|Any CPU
		{4A60A5F6-CCBA-427F-B31E-5D6E59038F6B}.Ad-Hoc|iPhone.Build.0 = Release|Any CPU
		{4A60A5F6-CCBA-427F-B31E-5D6E59038F6B}.Ad-Hoc|iPhoneSimulator.ActiveCfg = Release|Any CPU
		{4A60A5F6-CCBA-427F-B31E-5D6E59038F6B}.Ad-Hoc|iPhoneSimulator.Build.0 = Release|Any CPU
		{4A60A5F6-CCBA-427F-B31E-5D6E59038F6B}.Ad-Hoc|x64.ActiveCfg = Release|Any CPU
		{4A60A5F6-CCBA-427F-B31E-5D6E59038F6B}.Ad-Hoc|x64.Build.0 = Release|Any CPU
		{4A60A5F6-CCBA-427F-B31E-5D6E59038F6B}.Ad-Hoc|x86.ActiveCfg = Release|Any CPU
		{4A60A5F6-CCBA-427F-B31E-5D6E59038F6B}.Ad-Hoc|x86.Build.0 = Release|Any CPU
		{4A60A5F6-CCBA-427F-B31E-5D6E59038F6B}.AppStore|Any CPU.ActiveCfg = Release|Any CPU
		{4A60A5F6-CCBA-427F-B31E-5D6E59038F6B}.AppStore|Any CPU.Build.0 = Release|Any CPU
		{4A60A5F6-CCBA-427F-B31E-5D6E59038F6B}.AppStore|ARM.ActiveCfg = Release|Any CPU
		{4A60A5F6-CCBA-427F-B31E-5D6E59038F6B}.AppStore|ARM.Build.0 = Release|Any CPU
		{4A60A5F6-CCBA-427F-B31E-5D6E59038F6B}.AppStore|iPhone.ActiveCfg = Release|Any CPU
		{4A60A5F6-CCBA-427F-B31E-5D6E59038F6B}.AppStore|iPhone.Build.0 = Release|Any CPU
		{4A60A5F6-CCBA-427F-B31E-5D6E59038F6B}.AppStore|iPhoneSimulator.ActiveCfg = Release|Any CPU
		{4A60A5F6-CCBA-427F-B31E-5D6E59038F6B}.AppStore|iPhoneSimulator.Build.0 = Release|Any CPU
		{4A60A5F6-CCBA-427F-B31E-5D6E59038F6B}.AppStore|x64.ActiveCfg = Release|Any CPU
		{4A60A5F6-CCBA-427F-B31E-5D6E59038F6B}.AppStore|x64.Build.0 = Release|Any CPU
		{4A60A5F6-CCBA-427F-B31E-5D6E59038F6B}.AppStore|x86.ActiveCfg = Release|Any CPU
		{4A60A5F6-CCBA-427F-B31E-5D6E59038F6B}.AppStore|x86.Build.0 = Release|Any CPU
		{4A60A5F6-CCBA-427F-B31E-5D6E59038F6B}.Debug|Any CPU.ActiveCfg = Debug|Any CPU
		{4A60A5F6-CCBA-427F-B31E-5D6E59038F6B}.Debug|Any CPU.Build.0 = Debug|Any CPU
		{4A60A5F6-CCBA-427F-B31E-5D6E59038F6B}.Debug|ARM.ActiveCfg = Debug|Any CPU
		{4A60A5F6-CCBA-427F-B31E-5D6E59038F6B}.Debug|ARM.Build.0 = Debug|Any CPU
		{4A60A5F6-CCBA-427F-B31E-5D6E59038F6B}.Debug|iPhone.ActiveCfg = Debug|Any CPU
		{4A60A5F6-CCBA-427F-B31E-5D6E59038F6B}.Debug|iPhone.Build.0 = Debug|Any CPU
		{4A60A5F6-CCBA-427F-B31E-5D6E59038F6B}.Debug|iPhoneSimulator.ActiveCfg = Debug|Any CPU
		{4A60A5F6-CCBA-427F-B31E-5D6E59038F6B}.Debug|iPhoneSimulator.Build.0 = Debug|Any CPU
		{4A60A5F6-CCBA-427F-B31E-5D6E59038F6B}.Debug|x64.ActiveCfg = Debug|Any CPU
		{4A60A5F6-CCBA-427F-B31E-5D6E59038F6B}.Debug|x64.Build.0 = Debug|Any CPU
		{4A60A5F6-CCBA-427F-B31E-5D6E59038F6B}.Debug|x86.ActiveCfg = Debug|Any CPU
		{4A60A5F6-CCBA-427F-B31E-5D6E59038F6B}.Debug|x86.Build.0 = Debug|Any CPU
		{4A60A5F6-CCBA-427F-B31E-5D6E59038F6B}.Release|Any CPU.ActiveCfg = Release|Any CPU
		{4A60A5F6-CCBA-427F-B31E-5D6E59038F6B}.Release|Any CPU.Build.0 = Release|Any CPU
		{4A60A5F6-CCBA-427F-B31E-5D6E59038F6B}.Release|ARM.ActiveCfg = Release|Any CPU
		{4A60A5F6-CCBA-427F-B31E-5D6E59038F6B}.Release|ARM.Build.0 = Release|Any CPU
		{4A60A5F6-CCBA-427F-B31E-5D6E59038F6B}.Release|iPhone.ActiveCfg = Release|Any CPU
		{4A60A5F6-CCBA-427F-B31E-5D6E59038F6B}.Release|iPhone.Build.0 = Release|Any CPU
		{4A60A5F6-CCBA-427F-B31E-5D6E59038F6B}.Release|iPhoneSimulator.ActiveCfg = Release|Any CPU
		{4A60A5F6-CCBA-427F-B31E-5D6E59038F6B}.Release|iPhoneSimulator.Build.0 = Release|Any CPU
		{4A60A5F6-CCBA-427F-B31E-5D6E59038F6B}.Release|x64.ActiveCfg = Release|Any CPU
		{4A60A5F6-CCBA-427F-B31E-5D6E59038F6B}.Release|x64.Build.0 = Release|Any CPU
		{4A60A5F6-CCBA-427F-B31E-5D6E59038F6B}.Release|x86.ActiveCfg = Release|Any CPU
		{4A60A5F6-CCBA-427F-B31E-5D6E59038F6B}.Release|x86.Build.0 = Release|Any CPU
		{34D31034-0E05-400F-AC6A-A872A41E33DD}.Ad-Hoc|Any CPU.ActiveCfg = Release|Any CPU
		{34D31034-0E05-400F-AC6A-A872A41E33DD}.Ad-Hoc|Any CPU.Build.0 = Release|Any CPU
		{34D31034-0E05-400F-AC6A-A872A41E33DD}.Ad-Hoc|ARM.ActiveCfg = Release|Any CPU
		{34D31034-0E05-400F-AC6A-A872A41E33DD}.Ad-Hoc|ARM.Build.0 = Release|Any CPU
		{34D31034-0E05-400F-AC6A-A872A41E33DD}.Ad-Hoc|iPhone.ActiveCfg = Release|Any CPU
		{34D31034-0E05-400F-AC6A-A872A41E33DD}.Ad-Hoc|iPhone.Build.0 = Release|Any CPU
		{34D31034-0E05-400F-AC6A-A872A41E33DD}.Ad-Hoc|iPhoneSimulator.ActiveCfg = Release|Any CPU
		{34D31034-0E05-400F-AC6A-A872A41E33DD}.Ad-Hoc|iPhoneSimulator.Build.0 = Release|Any CPU
		{34D31034-0E05-400F-AC6A-A872A41E33DD}.Ad-Hoc|x64.ActiveCfg = Release|Any CPU
		{34D31034-0E05-400F-AC6A-A872A41E33DD}.Ad-Hoc|x64.Build.0 = Release|Any CPU
		{34D31034-0E05-400F-AC6A-A872A41E33DD}.Ad-Hoc|x86.ActiveCfg = Release|Any CPU
		{34D31034-0E05-400F-AC6A-A872A41E33DD}.Ad-Hoc|x86.Build.0 = Release|Any CPU
		{34D31034-0E05-400F-AC6A-A872A41E33DD}.AppStore|Any CPU.ActiveCfg = Release|Any CPU
		{34D31034-0E05-400F-AC6A-A872A41E33DD}.AppStore|Any CPU.Build.0 = Release|Any CPU
		{34D31034-0E05-400F-AC6A-A872A41E33DD}.AppStore|ARM.ActiveCfg = Release|Any CPU
		{34D31034-0E05-400F-AC6A-A872A41E33DD}.AppStore|ARM.Build.0 = Release|Any CPU
		{34D31034-0E05-400F-AC6A-A872A41E33DD}.AppStore|iPhone.ActiveCfg = Release|Any CPU
		{34D31034-0E05-400F-AC6A-A872A41E33DD}.AppStore|iPhone.Build.0 = Release|Any CPU
		{34D31034-0E05-400F-AC6A-A872A41E33DD}.AppStore|iPhoneSimulator.ActiveCfg = Release|Any CPU
		{34D31034-0E05-400F-AC6A-A872A41E33DD}.AppStore|iPhoneSimulator.Build.0 = Release|Any CPU
		{34D31034-0E05-400F-AC6A-A872A41E33DD}.AppStore|x64.ActiveCfg = Release|Any CPU
		{34D31034-0E05-400F-AC6A-A872A41E33DD}.AppStore|x64.Build.0 = Release|Any CPU
		{34D31034-0E05-400F-AC6A-A872A41E33DD}.AppStore|x86.ActiveCfg = Release|Any CPU
		{34D31034-0E05-400F-AC6A-A872A41E33DD}.AppStore|x86.Build.0 = Release|Any CPU
		{34D31034-0E05-400F-AC6A-A872A41E33DD}.Debug|Any CPU.ActiveCfg = Debug|Any CPU
		{34D31034-0E05-400F-AC6A-A872A41E33DD}.Debug|Any CPU.Build.0 = Debug|Any CPU
		{34D31034-0E05-400F-AC6A-A872A41E33DD}.Debug|ARM.ActiveCfg = Debug|Any CPU
		{34D31034-0E05-400F-AC6A-A872A41E33DD}.Debug|ARM.Build.0 = Debug|Any CPU
		{34D31034-0E05-400F-AC6A-A872A41E33DD}.Debug|iPhone.ActiveCfg = Debug|Any CPU
		{34D31034-0E05-400F-AC6A-A872A41E33DD}.Debug|iPhone.Build.0 = Debug|Any CPU
		{34D31034-0E05-400F-AC6A-A872A41E33DD}.Debug|iPhoneSimulator.ActiveCfg = Debug|Any CPU
		{34D31034-0E05-400F-AC6A-A872A41E33DD}.Debug|iPhoneSimulator.Build.0 = Debug|Any CPU
		{34D31034-0E05-400F-AC6A-A872A41E33DD}.Debug|x64.ActiveCfg = Debug|Any CPU
		{34D31034-0E05-400F-AC6A-A872A41E33DD}.Debug|x64.Build.0 = Debug|Any CPU
		{34D31034-0E05-400F-AC6A-A872A41E33DD}.Debug|x86.ActiveCfg = Debug|Any CPU
		{34D31034-0E05-400F-AC6A-A872A41E33DD}.Debug|x86.Build.0 = Debug|Any CPU
		{34D31034-0E05-400F-AC6A-A872A41E33DD}.Release|Any CPU.ActiveCfg = Release|Any CPU
		{34D31034-0E05-400F-AC6A-A872A41E33DD}.Release|Any CPU.Build.0 = Release|Any CPU
		{34D31034-0E05-400F-AC6A-A872A41E33DD}.Release|ARM.ActiveCfg = Release|Any CPU
		{34D31034-0E05-400F-AC6A-A872A41E33DD}.Release|ARM.Build.0 = Release|Any CPU
		{34D31034-0E05-400F-AC6A-A872A41E33DD}.Release|iPhone.ActiveCfg = Release|Any CPU
		{34D31034-0E05-400F-AC6A-A872A41E33DD}.Release|iPhone.Build.0 = Release|Any CPU
		{34D31034-0E05-400F-AC6A-A872A41E33DD}.Release|iPhoneSimulator.ActiveCfg = Release|Any CPU
		{34D31034-0E05-400F-AC6A-A872A41E33DD}.Release|iPhoneSimulator.Build.0 = Release|Any CPU
		{34D31034-0E05-400F-AC6A-A872A41E33DD}.Release|x64.ActiveCfg = Release|Any CPU
		{34D31034-0E05-400F-AC6A-A872A41E33DD}.Release|x64.Build.0 = Release|Any CPU
		{34D31034-0E05-400F-AC6A-A872A41E33DD}.Release|x86.ActiveCfg = Release|Any CPU
		{34D31034-0E05-400F-AC6A-A872A41E33DD}.Release|x86.Build.0 = Release|Any CPU
		{7A0312D9-3308-4827-BB99-DAC189FF72CF}.Ad-Hoc|Any CPU.ActiveCfg = Release|x64
		{7A0312D9-3308-4827-BB99-DAC189FF72CF}.Ad-Hoc|Any CPU.Build.0 = Release|x64
		{7A0312D9-3308-4827-BB99-DAC189FF72CF}.Ad-Hoc|Any CPU.Deploy.0 = Release|x64
		{7A0312D9-3308-4827-BB99-DAC189FF72CF}.Ad-Hoc|ARM.ActiveCfg = Release|ARM
		{7A0312D9-3308-4827-BB99-DAC189FF72CF}.Ad-Hoc|ARM.Build.0 = Release|ARM
		{7A0312D9-3308-4827-BB99-DAC189FF72CF}.Ad-Hoc|ARM.Deploy.0 = Release|ARM
		{7A0312D9-3308-4827-BB99-DAC189FF72CF}.Ad-Hoc|iPhone.ActiveCfg = Release|x64
		{7A0312D9-3308-4827-BB99-DAC189FF72CF}.Ad-Hoc|iPhone.Build.0 = Release|x64
		{7A0312D9-3308-4827-BB99-DAC189FF72CF}.Ad-Hoc|iPhone.Deploy.0 = Release|x64
		{7A0312D9-3308-4827-BB99-DAC189FF72CF}.Ad-Hoc|iPhoneSimulator.ActiveCfg = Release|x64
		{7A0312D9-3308-4827-BB99-DAC189FF72CF}.Ad-Hoc|iPhoneSimulator.Build.0 = Release|x64
		{7A0312D9-3308-4827-BB99-DAC189FF72CF}.Ad-Hoc|iPhoneSimulator.Deploy.0 = Release|x64
		{7A0312D9-3308-4827-BB99-DAC189FF72CF}.Ad-Hoc|x64.ActiveCfg = Release|x64
		{7A0312D9-3308-4827-BB99-DAC189FF72CF}.Ad-Hoc|x64.Build.0 = Release|x64
		{7A0312D9-3308-4827-BB99-DAC189FF72CF}.Ad-Hoc|x64.Deploy.0 = Release|x64
		{7A0312D9-3308-4827-BB99-DAC189FF72CF}.Ad-Hoc|x86.ActiveCfg = Release|x86
		{7A0312D9-3308-4827-BB99-DAC189FF72CF}.Ad-Hoc|x86.Build.0 = Release|x86
		{7A0312D9-3308-4827-BB99-DAC189FF72CF}.Ad-Hoc|x86.Deploy.0 = Release|x86
		{7A0312D9-3308-4827-BB99-DAC189FF72CF}.AppStore|Any CPU.ActiveCfg = Release|x64
		{7A0312D9-3308-4827-BB99-DAC189FF72CF}.AppStore|Any CPU.Build.0 = Release|x64
		{7A0312D9-3308-4827-BB99-DAC189FF72CF}.AppStore|Any CPU.Deploy.0 = Release|x64
		{7A0312D9-3308-4827-BB99-DAC189FF72CF}.AppStore|ARM.ActiveCfg = Release|ARM
		{7A0312D9-3308-4827-BB99-DAC189FF72CF}.AppStore|ARM.Build.0 = Release|ARM
		{7A0312D9-3308-4827-BB99-DAC189FF72CF}.AppStore|ARM.Deploy.0 = Release|ARM
		{7A0312D9-3308-4827-BB99-DAC189FF72CF}.AppStore|iPhone.ActiveCfg = Release|x64
		{7A0312D9-3308-4827-BB99-DAC189FF72CF}.AppStore|iPhone.Build.0 = Release|x64
		{7A0312D9-3308-4827-BB99-DAC189FF72CF}.AppStore|iPhone.Deploy.0 = Release|x64
		{7A0312D9-3308-4827-BB99-DAC189FF72CF}.AppStore|iPhoneSimulator.ActiveCfg = Release|x64
		{7A0312D9-3308-4827-BB99-DAC189FF72CF}.AppStore|iPhoneSimulator.Build.0 = Release|x64
		{7A0312D9-3308-4827-BB99-DAC189FF72CF}.AppStore|iPhoneSimulator.Deploy.0 = Release|x64
		{7A0312D9-3308-4827-BB99-DAC189FF72CF}.AppStore|x64.ActiveCfg = Release|x64
		{7A0312D9-3308-4827-BB99-DAC189FF72CF}.AppStore|x64.Build.0 = Release|x64
		{7A0312D9-3308-4827-BB99-DAC189FF72CF}.AppStore|x64.Deploy.0 = Release|x64
		{7A0312D9-3308-4827-BB99-DAC189FF72CF}.AppStore|x86.ActiveCfg = Release|x86
		{7A0312D9-3308-4827-BB99-DAC189FF72CF}.AppStore|x86.Build.0 = Release|x86
		{7A0312D9-3308-4827-BB99-DAC189FF72CF}.AppStore|x86.Deploy.0 = Release|x86
		{7A0312D9-3308-4827-BB99-DAC189FF72CF}.Debug|Any CPU.ActiveCfg = Debug|x86
		{7A0312D9-3308-4827-BB99-DAC189FF72CF}.Debug|Any CPU.Build.0 = Debug|x86
		{7A0312D9-3308-4827-BB99-DAC189FF72CF}.Debug|Any CPU.Deploy.0 = Debug|x86
		{7A0312D9-3308-4827-BB99-DAC189FF72CF}.Debug|ARM.ActiveCfg = Debug|ARM
		{7A0312D9-3308-4827-BB99-DAC189FF72CF}.Debug|ARM.Build.0 = Debug|ARM
		{7A0312D9-3308-4827-BB99-DAC189FF72CF}.Debug|ARM.Deploy.0 = Debug|ARM
		{7A0312D9-3308-4827-BB99-DAC189FF72CF}.Debug|iPhone.ActiveCfg = Debug|x86
		{7A0312D9-3308-4827-BB99-DAC189FF72CF}.Debug|iPhoneSimulator.ActiveCfg = Debug|x86
		{7A0312D9-3308-4827-BB99-DAC189FF72CF}.Debug|x64.ActiveCfg = Debug|x64
		{7A0312D9-3308-4827-BB99-DAC189FF72CF}.Debug|x64.Build.0 = Debug|x64
		{7A0312D9-3308-4827-BB99-DAC189FF72CF}.Debug|x64.Deploy.0 = Debug|x64
		{7A0312D9-3308-4827-BB99-DAC189FF72CF}.Debug|x86.ActiveCfg = Debug|x86
		{7A0312D9-3308-4827-BB99-DAC189FF72CF}.Debug|x86.Build.0 = Debug|x86
		{7A0312D9-3308-4827-BB99-DAC189FF72CF}.Debug|x86.Deploy.0 = Debug|x86
		{7A0312D9-3308-4827-BB99-DAC189FF72CF}.Release|Any CPU.ActiveCfg = Release|x86
		{7A0312D9-3308-4827-BB99-DAC189FF72CF}.Release|ARM.ActiveCfg = Release|ARM
		{7A0312D9-3308-4827-BB99-DAC189FF72CF}.Release|ARM.Build.0 = Release|ARM
		{7A0312D9-3308-4827-BB99-DAC189FF72CF}.Release|ARM.Deploy.0 = Release|ARM
		{7A0312D9-3308-4827-BB99-DAC189FF72CF}.Release|iPhone.ActiveCfg = Release|x86
		{7A0312D9-3308-4827-BB99-DAC189FF72CF}.Release|iPhoneSimulator.ActiveCfg = Release|x86
		{7A0312D9-3308-4827-BB99-DAC189FF72CF}.Release|x64.ActiveCfg = Release|x64
		{7A0312D9-3308-4827-BB99-DAC189FF72CF}.Release|x64.Build.0 = Release|x64
		{7A0312D9-3308-4827-BB99-DAC189FF72CF}.Release|x64.Deploy.0 = Release|x64
		{7A0312D9-3308-4827-BB99-DAC189FF72CF}.Release|x86.ActiveCfg = Release|x86
		{7A0312D9-3308-4827-BB99-DAC189FF72CF}.Release|x86.Build.0 = Release|x86
		{723AFBE6-B448-4A6B-85D1-C1238CF66E41}.Ad-Hoc|Any CPU.ActiveCfg = Release|Any CPU
		{723AFBE6-B448-4A6B-85D1-C1238CF66E41}.Ad-Hoc|Any CPU.Build.0 = Release|Any CPU
		{723AFBE6-B448-4A6B-85D1-C1238CF66E41}.Ad-Hoc|ARM.ActiveCfg = Release|Any CPU
		{723AFBE6-B448-4A6B-85D1-C1238CF66E41}.Ad-Hoc|ARM.Build.0 = Release|Any CPU
		{723AFBE6-B448-4A6B-85D1-C1238CF66E41}.Ad-Hoc|iPhone.ActiveCfg = Release|Any CPU
		{723AFBE6-B448-4A6B-85D1-C1238CF66E41}.Ad-Hoc|iPhone.Build.0 = Release|Any CPU
		{723AFBE6-B448-4A6B-85D1-C1238CF66E41}.Ad-Hoc|iPhoneSimulator.ActiveCfg = Release|Any CPU
		{723AFBE6-B448-4A6B-85D1-C1238CF66E41}.Ad-Hoc|iPhoneSimulator.Build.0 = Release|Any CPU
		{723AFBE6-B448-4A6B-85D1-C1238CF66E41}.Ad-Hoc|x64.ActiveCfg = Release|Any CPU
		{723AFBE6-B448-4A6B-85D1-C1238CF66E41}.Ad-Hoc|x64.Build.0 = Release|Any CPU
		{723AFBE6-B448-4A6B-85D1-C1238CF66E41}.Ad-Hoc|x86.ActiveCfg = Release|Any CPU
		{723AFBE6-B448-4A6B-85D1-C1238CF66E41}.Ad-Hoc|x86.Build.0 = Release|Any CPU
		{723AFBE6-B448-4A6B-85D1-C1238CF66E41}.AppStore|Any CPU.ActiveCfg = Release|Any CPU
		{723AFBE6-B448-4A6B-85D1-C1238CF66E41}.AppStore|Any CPU.Build.0 = Release|Any CPU
		{723AFBE6-B448-4A6B-85D1-C1238CF66E41}.AppStore|ARM.ActiveCfg = Release|Any CPU
		{723AFBE6-B448-4A6B-85D1-C1238CF66E41}.AppStore|ARM.Build.0 = Release|Any CPU
		{723AFBE6-B448-4A6B-85D1-C1238CF66E41}.AppStore|iPhone.ActiveCfg = Release|Any CPU
		{723AFBE6-B448-4A6B-85D1-C1238CF66E41}.AppStore|iPhone.Build.0 = Release|Any CPU
		{723AFBE6-B448-4A6B-85D1-C1238CF66E41}.AppStore|iPhoneSimulator.ActiveCfg = Release|Any CPU
		{723AFBE6-B448-4A6B-85D1-C1238CF66E41}.AppStore|iPhoneSimulator.Build.0 = Release|Any CPU
		{723AFBE6-B448-4A6B-85D1-C1238CF66E41}.AppStore|x64.ActiveCfg = Release|Any CPU
		{723AFBE6-B448-4A6B-85D1-C1238CF66E41}.AppStore|x64.Build.0 = Release|Any CPU
		{723AFBE6-B448-4A6B-85D1-C1238CF66E41}.AppStore|x86.ActiveCfg = Release|Any CPU
		{723AFBE6-B448-4A6B-85D1-C1238CF66E41}.AppStore|x86.Build.0 = Release|Any CPU
		{723AFBE6-B448-4A6B-85D1-C1238CF66E41}.Debug|Any CPU.ActiveCfg = Debug|Any CPU
		{723AFBE6-B448-4A6B-85D1-C1238CF66E41}.Debug|Any CPU.Build.0 = Debug|Any CPU
		{723AFBE6-B448-4A6B-85D1-C1238CF66E41}.Debug|ARM.ActiveCfg = Debug|Any CPU
		{723AFBE6-B448-4A6B-85D1-C1238CF66E41}.Debug|ARM.Build.0 = Debug|Any CPU
		{723AFBE6-B448-4A6B-85D1-C1238CF66E41}.Debug|iPhone.ActiveCfg = Debug|Any CPU
		{723AFBE6-B448-4A6B-85D1-C1238CF66E41}.Debug|iPhone.Build.0 = Debug|Any CPU
		{723AFBE6-B448-4A6B-85D1-C1238CF66E41}.Debug|iPhoneSimulator.ActiveCfg = Debug|Any CPU
		{723AFBE6-B448-4A6B-85D1-C1238CF66E41}.Debug|iPhoneSimulator.Build.0 = Debug|Any CPU
		{723AFBE6-B448-4A6B-85D1-C1238CF66E41}.Debug|x64.ActiveCfg = Debug|Any CPU
		{723AFBE6-B448-4A6B-85D1-C1238CF66E41}.Debug|x64.Build.0 = Debug|Any CPU
		{723AFBE6-B448-4A6B-85D1-C1238CF66E41}.Debug|x86.ActiveCfg = Debug|Any CPU
		{723AFBE6-B448-4A6B-85D1-C1238CF66E41}.Debug|x86.Build.0 = Debug|Any CPU
		{723AFBE6-B448-4A6B-85D1-C1238CF66E41}.Release|Any CPU.ActiveCfg = Release|Any CPU
		{723AFBE6-B448-4A6B-85D1-C1238CF66E41}.Release|Any CPU.Build.0 = Release|Any CPU
		{723AFBE6-B448-4A6B-85D1-C1238CF66E41}.Release|ARM.ActiveCfg = Release|Any CPU
		{723AFBE6-B448-4A6B-85D1-C1238CF66E41}.Release|ARM.Build.0 = Release|Any CPU
		{723AFBE6-B448-4A6B-85D1-C1238CF66E41}.Release|iPhone.ActiveCfg = Release|Any CPU
		{723AFBE6-B448-4A6B-85D1-C1238CF66E41}.Release|iPhone.Build.0 = Release|Any CPU
		{723AFBE6-B448-4A6B-85D1-C1238CF66E41}.Release|iPhoneSimulator.ActiveCfg = Release|Any CPU
		{723AFBE6-B448-4A6B-85D1-C1238CF66E41}.Release|iPhoneSimulator.Build.0 = Release|Any CPU
		{723AFBE6-B448-4A6B-85D1-C1238CF66E41}.Release|x64.ActiveCfg = Release|Any CPU
		{723AFBE6-B448-4A6B-85D1-C1238CF66E41}.Release|x64.Build.0 = Release|Any CPU
		{723AFBE6-B448-4A6B-85D1-C1238CF66E41}.Release|x86.ActiveCfg = Release|Any CPU
		{723AFBE6-B448-4A6B-85D1-C1238CF66E41}.Release|x86.Build.0 = Release|Any CPU
		{AD2F8842-FD67-43A8-BC82-D48E54D3D9CF}.Ad-Hoc|Any CPU.ActiveCfg = Release|Any CPU
		{AD2F8842-FD67-43A8-BC82-D48E54D3D9CF}.Ad-Hoc|Any CPU.Build.0 = Release|Any CPU
		{AD2F8842-FD67-43A8-BC82-D48E54D3D9CF}.Ad-Hoc|ARM.ActiveCfg = Release|Any CPU
		{AD2F8842-FD67-43A8-BC82-D48E54D3D9CF}.Ad-Hoc|ARM.Build.0 = Release|Any CPU
		{AD2F8842-FD67-43A8-BC82-D48E54D3D9CF}.Ad-Hoc|iPhone.ActiveCfg = Release|Any CPU
		{AD2F8842-FD67-43A8-BC82-D48E54D3D9CF}.Ad-Hoc|iPhone.Build.0 = Release|Any CPU
		{AD2F8842-FD67-43A8-BC82-D48E54D3D9CF}.Ad-Hoc|iPhoneSimulator.ActiveCfg = Release|Any CPU
		{AD2F8842-FD67-43A8-BC82-D48E54D3D9CF}.Ad-Hoc|iPhoneSimulator.Build.0 = Release|Any CPU
		{AD2F8842-FD67-43A8-BC82-D48E54D3D9CF}.Ad-Hoc|x64.ActiveCfg = Release|Any CPU
		{AD2F8842-FD67-43A8-BC82-D48E54D3D9CF}.Ad-Hoc|x64.Build.0 = Release|Any CPU
		{AD2F8842-FD67-43A8-BC82-D48E54D3D9CF}.Ad-Hoc|x86.ActiveCfg = Release|Any CPU
		{AD2F8842-FD67-43A8-BC82-D48E54D3D9CF}.Ad-Hoc|x86.Build.0 = Release|Any CPU
		{AD2F8842-FD67-43A8-BC82-D48E54D3D9CF}.AppStore|Any CPU.ActiveCfg = Release|Any CPU
		{AD2F8842-FD67-43A8-BC82-D48E54D3D9CF}.AppStore|Any CPU.Build.0 = Release|Any CPU
		{AD2F8842-FD67-43A8-BC82-D48E54D3D9CF}.AppStore|ARM.ActiveCfg = Release|Any CPU
		{AD2F8842-FD67-43A8-BC82-D48E54D3D9CF}.AppStore|ARM.Build.0 = Release|Any CPU
		{AD2F8842-FD67-43A8-BC82-D48E54D3D9CF}.AppStore|iPhone.ActiveCfg = Release|Any CPU
		{AD2F8842-FD67-43A8-BC82-D48E54D3D9CF}.AppStore|iPhone.Build.0 = Release|Any CPU
		{AD2F8842-FD67-43A8-BC82-D48E54D3D9CF}.AppStore|iPhoneSimulator.ActiveCfg = Release|Any CPU
		{AD2F8842-FD67-43A8-BC82-D48E54D3D9CF}.AppStore|iPhoneSimulator.Build.0 = Release|Any CPU
		{AD2F8842-FD67-43A8-BC82-D48E54D3D9CF}.AppStore|x64.ActiveCfg = Release|Any CPU
		{AD2F8842-FD67-43A8-BC82-D48E54D3D9CF}.AppStore|x64.Build.0 = Release|Any CPU
		{AD2F8842-FD67-43A8-BC82-D48E54D3D9CF}.AppStore|x86.ActiveCfg = Release|Any CPU
		{AD2F8842-FD67-43A8-BC82-D48E54D3D9CF}.AppStore|x86.Build.0 = Release|Any CPU
		{AD2F8842-FD67-43A8-BC82-D48E54D3D9CF}.Debug|Any CPU.ActiveCfg = Debug|Any CPU
		{AD2F8842-FD67-43A8-BC82-D48E54D3D9CF}.Debug|Any CPU.Build.0 = Debug|Any CPU
		{AD2F8842-FD67-43A8-BC82-D48E54D3D9CF}.Debug|ARM.ActiveCfg = Debug|Any CPU
		{AD2F8842-FD67-43A8-BC82-D48E54D3D9CF}.Debug|ARM.Build.0 = Debug|Any CPU
		{AD2F8842-FD67-43A8-BC82-D48E54D3D9CF}.Debug|iPhone.ActiveCfg = Debug|Any CPU
		{AD2F8842-FD67-43A8-BC82-D48E54D3D9CF}.Debug|iPhone.Build.0 = Debug|Any CPU
		{AD2F8842-FD67-43A8-BC82-D48E54D3D9CF}.Debug|iPhoneSimulator.ActiveCfg = Debug|Any CPU
		{AD2F8842-FD67-43A8-BC82-D48E54D3D9CF}.Debug|iPhoneSimulator.Build.0 = Debug|Any CPU
		{AD2F8842-FD67-43A8-BC82-D48E54D3D9CF}.Debug|x64.ActiveCfg = Debug|Any CPU
		{AD2F8842-FD67-43A8-BC82-D48E54D3D9CF}.Debug|x64.Build.0 = Debug|Any CPU
		{AD2F8842-FD67-43A8-BC82-D48E54D3D9CF}.Debug|x86.ActiveCfg = Debug|Any CPU
		{AD2F8842-FD67-43A8-BC82-D48E54D3D9CF}.Debug|x86.Build.0 = Debug|Any CPU
		{AD2F8842-FD67-43A8-BC82-D48E54D3D9CF}.Release|Any CPU.ActiveCfg = Release|Any CPU
		{AD2F8842-FD67-43A8-BC82-D48E54D3D9CF}.Release|Any CPU.Build.0 = Release|Any CPU
		{AD2F8842-FD67-43A8-BC82-D48E54D3D9CF}.Release|ARM.ActiveCfg = Release|Any CPU
		{AD2F8842-FD67-43A8-BC82-D48E54D3D9CF}.Release|ARM.Build.0 = Release|Any CPU
		{AD2F8842-FD67-43A8-BC82-D48E54D3D9CF}.Release|iPhone.ActiveCfg = Release|Any CPU
		{AD2F8842-FD67-43A8-BC82-D48E54D3D9CF}.Release|iPhone.Build.0 = Release|Any CPU
		{AD2F8842-FD67-43A8-BC82-D48E54D3D9CF}.Release|iPhoneSimulator.ActiveCfg = Release|Any CPU
		{AD2F8842-FD67-43A8-BC82-D48E54D3D9CF}.Release|iPhoneSimulator.Build.0 = Release|Any CPU
		{AD2F8842-FD67-43A8-BC82-D48E54D3D9CF}.Release|x64.ActiveCfg = Release|Any CPU
		{AD2F8842-FD67-43A8-BC82-D48E54D3D9CF}.Release|x64.Build.0 = Release|Any CPU
		{AD2F8842-FD67-43A8-BC82-D48E54D3D9CF}.Release|x86.ActiveCfg = Release|Any CPU
		{AD2F8842-FD67-43A8-BC82-D48E54D3D9CF}.Release|x86.Build.0 = Release|Any CPU
		{DC3AE6A6-1583-476F-9DF4-D307AC32BFBE}.Ad-Hoc|Any CPU.ActiveCfg = Release|Any CPU
		{DC3AE6A6-1583-476F-9DF4-D307AC32BFBE}.Ad-Hoc|Any CPU.Build.0 = Release|Any CPU
		{DC3AE6A6-1583-476F-9DF4-D307AC32BFBE}.Ad-Hoc|ARM.ActiveCfg = Release|Any CPU
		{DC3AE6A6-1583-476F-9DF4-D307AC32BFBE}.Ad-Hoc|ARM.Build.0 = Release|Any CPU
		{DC3AE6A6-1583-476F-9DF4-D307AC32BFBE}.Ad-Hoc|iPhone.ActiveCfg = Release|Any CPU
		{DC3AE6A6-1583-476F-9DF4-D307AC32BFBE}.Ad-Hoc|iPhone.Build.0 = Release|Any CPU
		{DC3AE6A6-1583-476F-9DF4-D307AC32BFBE}.Ad-Hoc|iPhoneSimulator.ActiveCfg = Release|Any CPU
		{DC3AE6A6-1583-476F-9DF4-D307AC32BFBE}.Ad-Hoc|iPhoneSimulator.Build.0 = Release|Any CPU
		{DC3AE6A6-1583-476F-9DF4-D307AC32BFBE}.Ad-Hoc|x64.ActiveCfg = Release|Any CPU
		{DC3AE6A6-1583-476F-9DF4-D307AC32BFBE}.Ad-Hoc|x64.Build.0 = Release|Any CPU
		{DC3AE6A6-1583-476F-9DF4-D307AC32BFBE}.Ad-Hoc|x86.ActiveCfg = Release|Any CPU
		{DC3AE6A6-1583-476F-9DF4-D307AC32BFBE}.Ad-Hoc|x86.Build.0 = Release|Any CPU
		{DC3AE6A6-1583-476F-9DF4-D307AC32BFBE}.AppStore|Any CPU.ActiveCfg = Release|Any CPU
		{DC3AE6A6-1583-476F-9DF4-D307AC32BFBE}.AppStore|Any CPU.Build.0 = Release|Any CPU
		{DC3AE6A6-1583-476F-9DF4-D307AC32BFBE}.AppStore|ARM.ActiveCfg = Release|Any CPU
		{DC3AE6A6-1583-476F-9DF4-D307AC32BFBE}.AppStore|ARM.Build.0 = Release|Any CPU
		{DC3AE6A6-1583-476F-9DF4-D307AC32BFBE}.AppStore|iPhone.ActiveCfg = Release|Any CPU
		{DC3AE6A6-1583-476F-9DF4-D307AC32BFBE}.AppStore|iPhone.Build.0 = Release|Any CPU
		{DC3AE6A6-1583-476F-9DF4-D307AC32BFBE}.AppStore|iPhoneSimulator.ActiveCfg = Release|Any CPU
		{DC3AE6A6-1583-476F-9DF4-D307AC32BFBE}.AppStore|iPhoneSimulator.Build.0 = Release|Any CPU
		{DC3AE6A6-1583-476F-9DF4-D307AC32BFBE}.AppStore|x64.ActiveCfg = Release|Any CPU
		{DC3AE6A6-1583-476F-9DF4-D307AC32BFBE}.AppStore|x64.Build.0 = Release|Any CPU
		{DC3AE6A6-1583-476F-9DF4-D307AC32BFBE}.AppStore|x86.ActiveCfg = Release|Any CPU
		{DC3AE6A6-1583-476F-9DF4-D307AC32BFBE}.AppStore|x86.Build.0 = Release|Any CPU
		{DC3AE6A6-1583-476F-9DF4-D307AC32BFBE}.Debug|Any CPU.ActiveCfg = Debug|Any CPU
		{DC3AE6A6-1583-476F-9DF4-D307AC32BFBE}.Debug|Any CPU.Build.0 = Debug|Any CPU
		{DC3AE6A6-1583-476F-9DF4-D307AC32BFBE}.Debug|ARM.ActiveCfg = Debug|Any CPU
		{DC3AE6A6-1583-476F-9DF4-D307AC32BFBE}.Debug|ARM.Build.0 = Debug|Any CPU
		{DC3AE6A6-1583-476F-9DF4-D307AC32BFBE}.Debug|iPhone.ActiveCfg = Debug|Any CPU
		{DC3AE6A6-1583-476F-9DF4-D307AC32BFBE}.Debug|iPhone.Build.0 = Debug|Any CPU
		{DC3AE6A6-1583-476F-9DF4-D307AC32BFBE}.Debug|iPhoneSimulator.ActiveCfg = Debug|Any CPU
		{DC3AE6A6-1583-476F-9DF4-D307AC32BFBE}.Debug|iPhoneSimulator.Build.0 = Debug|Any CPU
		{DC3AE6A6-1583-476F-9DF4-D307AC32BFBE}.Debug|x64.ActiveCfg = Debug|Any CPU
		{DC3AE6A6-1583-476F-9DF4-D307AC32BFBE}.Debug|x64.Build.0 = Debug|Any CPU
		{DC3AE6A6-1583-476F-9DF4-D307AC32BFBE}.Debug|x86.ActiveCfg = Debug|Any CPU
		{DC3AE6A6-1583-476F-9DF4-D307AC32BFBE}.Debug|x86.Build.0 = Debug|Any CPU
		{DC3AE6A6-1583-476F-9DF4-D307AC32BFBE}.Release|Any CPU.ActiveCfg = Release|Any CPU
		{DC3AE6A6-1583-476F-9DF4-D307AC32BFBE}.Release|Any CPU.Build.0 = Release|Any CPU
		{DC3AE6A6-1583-476F-9DF4-D307AC32BFBE}.Release|ARM.ActiveCfg = Release|Any CPU
		{DC3AE6A6-1583-476F-9DF4-D307AC32BFBE}.Release|ARM.Build.0 = Release|Any CPU
		{DC3AE6A6-1583-476F-9DF4-D307AC32BFBE}.Release|iPhone.ActiveCfg = Release|Any CPU
		{DC3AE6A6-1583-476F-9DF4-D307AC32BFBE}.Release|iPhone.Build.0 = Release|Any CPU
		{DC3AE6A6-1583-476F-9DF4-D307AC32BFBE}.Release|iPhoneSimulator.ActiveCfg = Release|Any CPU
		{DC3AE6A6-1583-476F-9DF4-D307AC32BFBE}.Release|iPhoneSimulator.Build.0 = Release|Any CPU
		{DC3AE6A6-1583-476F-9DF4-D307AC32BFBE}.Release|x64.ActiveCfg = Release|Any CPU
		{DC3AE6A6-1583-476F-9DF4-D307AC32BFBE}.Release|x64.Build.0 = Release|Any CPU
		{DC3AE6A6-1583-476F-9DF4-D307AC32BFBE}.Release|x86.ActiveCfg = Release|Any CPU
		{DC3AE6A6-1583-476F-9DF4-D307AC32BFBE}.Release|x86.Build.0 = Release|Any CPU
		{0ADAD8E5-770C-4F3F-A043-03D49280B6FF}.Ad-Hoc|Any CPU.ActiveCfg = Release|Any CPU
		{0ADAD8E5-770C-4F3F-A043-03D49280B6FF}.Ad-Hoc|Any CPU.Build.0 = Release|Any CPU
		{0ADAD8E5-770C-4F3F-A043-03D49280B6FF}.Ad-Hoc|ARM.ActiveCfg = Release|Any CPU
		{0ADAD8E5-770C-4F3F-A043-03D49280B6FF}.Ad-Hoc|ARM.Build.0 = Release|Any CPU
		{0ADAD8E5-770C-4F3F-A043-03D49280B6FF}.Ad-Hoc|iPhone.ActiveCfg = Release|Any CPU
		{0ADAD8E5-770C-4F3F-A043-03D49280B6FF}.Ad-Hoc|iPhone.Build.0 = Release|Any CPU
		{0ADAD8E5-770C-4F3F-A043-03D49280B6FF}.Ad-Hoc|iPhoneSimulator.ActiveCfg = Release|Any CPU
		{0ADAD8E5-770C-4F3F-A043-03D49280B6FF}.Ad-Hoc|iPhoneSimulator.Build.0 = Release|Any CPU
		{0ADAD8E5-770C-4F3F-A043-03D49280B6FF}.Ad-Hoc|x64.ActiveCfg = Release|Any CPU
		{0ADAD8E5-770C-4F3F-A043-03D49280B6FF}.Ad-Hoc|x64.Build.0 = Release|Any CPU
		{0ADAD8E5-770C-4F3F-A043-03D49280B6FF}.Ad-Hoc|x86.ActiveCfg = Release|Any CPU
		{0ADAD8E5-770C-4F3F-A043-03D49280B6FF}.Ad-Hoc|x86.Build.0 = Release|Any CPU
		{0ADAD8E5-770C-4F3F-A043-03D49280B6FF}.AppStore|Any CPU.ActiveCfg = Release|Any CPU
		{0ADAD8E5-770C-4F3F-A043-03D49280B6FF}.AppStore|Any CPU.Build.0 = Release|Any CPU
		{0ADAD8E5-770C-4F3F-A043-03D49280B6FF}.AppStore|ARM.ActiveCfg = Release|Any CPU
		{0ADAD8E5-770C-4F3F-A043-03D49280B6FF}.AppStore|ARM.Build.0 = Release|Any CPU
		{0ADAD8E5-770C-4F3F-A043-03D49280B6FF}.AppStore|iPhone.ActiveCfg = Release|Any CPU
		{0ADAD8E5-770C-4F3F-A043-03D49280B6FF}.AppStore|iPhone.Build.0 = Release|Any CPU
		{0ADAD8E5-770C-4F3F-A043-03D49280B6FF}.AppStore|iPhoneSimulator.ActiveCfg = Release|Any CPU
		{0ADAD8E5-770C-4F3F-A043-03D49280B6FF}.AppStore|iPhoneSimulator.Build.0 = Release|Any CPU
		{0ADAD8E5-770C-4F3F-A043-03D49280B6FF}.AppStore|x64.ActiveCfg = Release|Any CPU
		{0ADAD8E5-770C-4F3F-A043-03D49280B6FF}.AppStore|x64.Build.0 = Release|Any CPU
		{0ADAD8E5-770C-4F3F-A043-03D49280B6FF}.AppStore|x86.ActiveCfg = Release|Any CPU
		{0ADAD8E5-770C-4F3F-A043-03D49280B6FF}.AppStore|x86.Build.0 = Release|Any CPU
		{0ADAD8E5-770C-4F3F-A043-03D49280B6FF}.Debug|Any CPU.ActiveCfg = Debug|Any CPU
		{0ADAD8E5-770C-4F3F-A043-03D49280B6FF}.Debug|Any CPU.Build.0 = Debug|Any CPU
		{0ADAD8E5-770C-4F3F-A043-03D49280B6FF}.Debug|ARM.ActiveCfg = Debug|Any CPU
		{0ADAD8E5-770C-4F3F-A043-03D49280B6FF}.Debug|ARM.Build.0 = Debug|Any CPU
		{0ADAD8E5-770C-4F3F-A043-03D49280B6FF}.Debug|iPhone.ActiveCfg = Debug|Any CPU
		{0ADAD8E5-770C-4F3F-A043-03D49280B6FF}.Debug|iPhone.Build.0 = Debug|Any CPU
		{0ADAD8E5-770C-4F3F-A043-03D49280B6FF}.Debug|iPhoneSimulator.ActiveCfg = Debug|Any CPU
		{0ADAD8E5-770C-4F3F-A043-03D49280B6FF}.Debug|iPhoneSimulator.Build.0 = Debug|Any CPU
		{0ADAD8E5-770C-4F3F-A043-03D49280B6FF}.Debug|x64.ActiveCfg = Debug|Any CPU
		{0ADAD8E5-770C-4F3F-A043-03D49280B6FF}.Debug|x64.Build.0 = Debug|Any CPU
		{0ADAD8E5-770C-4F3F-A043-03D49280B6FF}.Debug|x86.ActiveCfg = Debug|Any CPU
		{0ADAD8E5-770C-4F3F-A043-03D49280B6FF}.Debug|x86.Build.0 = Debug|Any CPU
		{0ADAD8E5-770C-4F3F-A043-03D49280B6FF}.Release|Any CPU.ActiveCfg = Release|Any CPU
		{0ADAD8E5-770C-4F3F-A043-03D49280B6FF}.Release|Any CPU.Build.0 = Release|Any CPU
		{0ADAD8E5-770C-4F3F-A043-03D49280B6FF}.Release|ARM.ActiveCfg = Release|Any CPU
		{0ADAD8E5-770C-4F3F-A043-03D49280B6FF}.Release|ARM.Build.0 = Release|Any CPU
		{0ADAD8E5-770C-4F3F-A043-03D49280B6FF}.Release|iPhone.ActiveCfg = Release|Any CPU
		{0ADAD8E5-770C-4F3F-A043-03D49280B6FF}.Release|iPhone.Build.0 = Release|Any CPU
		{0ADAD8E5-770C-4F3F-A043-03D49280B6FF}.Release|iPhoneSimulator.ActiveCfg = Release|Any CPU
		{0ADAD8E5-770C-4F3F-A043-03D49280B6FF}.Release|iPhoneSimulator.Build.0 = Release|Any CPU
		{0ADAD8E5-770C-4F3F-A043-03D49280B6FF}.Release|x64.ActiveCfg = Release|Any CPU
		{0ADAD8E5-770C-4F3F-A043-03D49280B6FF}.Release|x64.Build.0 = Release|Any CPU
		{0ADAD8E5-770C-4F3F-A043-03D49280B6FF}.Release|x86.ActiveCfg = Release|Any CPU
		{0ADAD8E5-770C-4F3F-A043-03D49280B6FF}.Release|x86.Build.0 = Release|Any CPU
		{82F1598A-966D-4EFD-818C-19969D53D656}.Ad-Hoc|Any CPU.ActiveCfg = Release|Any CPU
		{82F1598A-966D-4EFD-818C-19969D53D656}.Ad-Hoc|Any CPU.Build.0 = Release|Any CPU
		{82F1598A-966D-4EFD-818C-19969D53D656}.Ad-Hoc|Any CPU.Deploy.0 = Release|Any CPU
		{82F1598A-966D-4EFD-818C-19969D53D656}.Ad-Hoc|ARM.ActiveCfg = Release|Any CPU
		{82F1598A-966D-4EFD-818C-19969D53D656}.Ad-Hoc|ARM.Build.0 = Release|Any CPU
		{82F1598A-966D-4EFD-818C-19969D53D656}.Ad-Hoc|ARM.Deploy.0 = Release|Any CPU
		{82F1598A-966D-4EFD-818C-19969D53D656}.Ad-Hoc|iPhone.ActiveCfg = Release|Any CPU
		{82F1598A-966D-4EFD-818C-19969D53D656}.Ad-Hoc|iPhone.Build.0 = Release|Any CPU
		{82F1598A-966D-4EFD-818C-19969D53D656}.Ad-Hoc|iPhone.Deploy.0 = Release|Any CPU
		{82F1598A-966D-4EFD-818C-19969D53D656}.Ad-Hoc|iPhoneSimulator.ActiveCfg = Release|Any CPU
		{82F1598A-966D-4EFD-818C-19969D53D656}.Ad-Hoc|iPhoneSimulator.Build.0 = Release|Any CPU
		{82F1598A-966D-4EFD-818C-19969D53D656}.Ad-Hoc|iPhoneSimulator.Deploy.0 = Release|Any CPU
		{82F1598A-966D-4EFD-818C-19969D53D656}.Ad-Hoc|x64.ActiveCfg = Release|Any CPU
		{82F1598A-966D-4EFD-818C-19969D53D656}.Ad-Hoc|x64.Build.0 = Release|Any CPU
		{82F1598A-966D-4EFD-818C-19969D53D656}.Ad-Hoc|x64.Deploy.0 = Release|Any CPU
		{82F1598A-966D-4EFD-818C-19969D53D656}.Ad-Hoc|x86.ActiveCfg = Release|Any CPU
		{82F1598A-966D-4EFD-818C-19969D53D656}.Ad-Hoc|x86.Build.0 = Release|Any CPU
		{82F1598A-966D-4EFD-818C-19969D53D656}.Ad-Hoc|x86.Deploy.0 = Release|Any CPU
		{82F1598A-966D-4EFD-818C-19969D53D656}.AppStore|Any CPU.ActiveCfg = Release|Any CPU
		{82F1598A-966D-4EFD-818C-19969D53D656}.AppStore|Any CPU.Build.0 = Release|Any CPU
		{82F1598A-966D-4EFD-818C-19969D53D656}.AppStore|Any CPU.Deploy.0 = Release|Any CPU
		{82F1598A-966D-4EFD-818C-19969D53D656}.AppStore|ARM.ActiveCfg = Release|Any CPU
		{82F1598A-966D-4EFD-818C-19969D53D656}.AppStore|ARM.Build.0 = Release|Any CPU
		{82F1598A-966D-4EFD-818C-19969D53D656}.AppStore|ARM.Deploy.0 = Release|Any CPU
		{82F1598A-966D-4EFD-818C-19969D53D656}.AppStore|iPhone.ActiveCfg = Release|Any CPU
		{82F1598A-966D-4EFD-818C-19969D53D656}.AppStore|iPhone.Build.0 = Release|Any CPU
		{82F1598A-966D-4EFD-818C-19969D53D656}.AppStore|iPhone.Deploy.0 = Release|Any CPU
		{82F1598A-966D-4EFD-818C-19969D53D656}.AppStore|iPhoneSimulator.ActiveCfg = Release|Any CPU
		{82F1598A-966D-4EFD-818C-19969D53D656}.AppStore|iPhoneSimulator.Build.0 = Release|Any CPU
		{82F1598A-966D-4EFD-818C-19969D53D656}.AppStore|iPhoneSimulator.Deploy.0 = Release|Any CPU
		{82F1598A-966D-4EFD-818C-19969D53D656}.AppStore|x64.ActiveCfg = Release|Any CPU
		{82F1598A-966D-4EFD-818C-19969D53D656}.AppStore|x64.Build.0 = Release|Any CPU
		{82F1598A-966D-4EFD-818C-19969D53D656}.AppStore|x64.Deploy.0 = Release|Any CPU
		{82F1598A-966D-4EFD-818C-19969D53D656}.AppStore|x86.ActiveCfg = Release|Any CPU
		{82F1598A-966D-4EFD-818C-19969D53D656}.AppStore|x86.Build.0 = Release|Any CPU
		{82F1598A-966D-4EFD-818C-19969D53D656}.AppStore|x86.Deploy.0 = Release|Any CPU
		{82F1598A-966D-4EFD-818C-19969D53D656}.Debug|Any CPU.ActiveCfg = Debug|Any CPU
		{82F1598A-966D-4EFD-818C-19969D53D656}.Debug|Any CPU.Build.0 = Debug|Any CPU
		{82F1598A-966D-4EFD-818C-19969D53D656}.Debug|Any CPU.Deploy.0 = Debug|Any CPU
		{82F1598A-966D-4EFD-818C-19969D53D656}.Debug|ARM.ActiveCfg = Debug|Any CPU
		{82F1598A-966D-4EFD-818C-19969D53D656}.Debug|ARM.Build.0 = Debug|Any CPU
		{82F1598A-966D-4EFD-818C-19969D53D656}.Debug|ARM.Deploy.0 = Debug|Any CPU
		{82F1598A-966D-4EFD-818C-19969D53D656}.Debug|iPhone.ActiveCfg = Debug|Any CPU
		{82F1598A-966D-4EFD-818C-19969D53D656}.Debug|iPhone.Build.0 = Debug|Any CPU
		{82F1598A-966D-4EFD-818C-19969D53D656}.Debug|iPhone.Deploy.0 = Debug|Any CPU
		{82F1598A-966D-4EFD-818C-19969D53D656}.Debug|iPhoneSimulator.ActiveCfg = Debug|Any CPU
		{82F1598A-966D-4EFD-818C-19969D53D656}.Debug|iPhoneSimulator.Build.0 = Debug|Any CPU
		{82F1598A-966D-4EFD-818C-19969D53D656}.Debug|iPhoneSimulator.Deploy.0 = Debug|Any CPU
		{82F1598A-966D-4EFD-818C-19969D53D656}.Debug|x64.ActiveCfg = Debug|Any CPU
		{82F1598A-966D-4EFD-818C-19969D53D656}.Debug|x64.Build.0 = Debug|Any CPU
		{82F1598A-966D-4EFD-818C-19969D53D656}.Debug|x64.Deploy.0 = Debug|Any CPU
		{82F1598A-966D-4EFD-818C-19969D53D656}.Debug|x86.ActiveCfg = Debug|Any CPU
		{82F1598A-966D-4EFD-818C-19969D53D656}.Debug|x86.Build.0 = Debug|Any CPU
		{82F1598A-966D-4EFD-818C-19969D53D656}.Debug|x86.Deploy.0 = Debug|Any CPU
		{82F1598A-966D-4EFD-818C-19969D53D656}.Release|Any CPU.ActiveCfg = Release|Any CPU
		{82F1598A-966D-4EFD-818C-19969D53D656}.Release|Any CPU.Build.0 = Release|Any CPU
		{82F1598A-966D-4EFD-818C-19969D53D656}.Release|Any CPU.Deploy.0 = Release|Any CPU
		{82F1598A-966D-4EFD-818C-19969D53D656}.Release|ARM.ActiveCfg = Release|Any CPU
		{82F1598A-966D-4EFD-818C-19969D53D656}.Release|ARM.Build.0 = Release|Any CPU
		{82F1598A-966D-4EFD-818C-19969D53D656}.Release|ARM.Deploy.0 = Release|Any CPU
		{82F1598A-966D-4EFD-818C-19969D53D656}.Release|iPhone.ActiveCfg = Release|Any CPU
		{82F1598A-966D-4EFD-818C-19969D53D656}.Release|iPhone.Build.0 = Release|Any CPU
		{82F1598A-966D-4EFD-818C-19969D53D656}.Release|iPhone.Deploy.0 = Release|Any CPU
		{82F1598A-966D-4EFD-818C-19969D53D656}.Release|iPhoneSimulator.ActiveCfg = Release|Any CPU
		{82F1598A-966D-4EFD-818C-19969D53D656}.Release|iPhoneSimulator.Build.0 = Release|Any CPU
		{82F1598A-966D-4EFD-818C-19969D53D656}.Release|iPhoneSimulator.Deploy.0 = Release|Any CPU
		{82F1598A-966D-4EFD-818C-19969D53D656}.Release|x64.ActiveCfg = Release|Any CPU
		{82F1598A-966D-4EFD-818C-19969D53D656}.Release|x64.Build.0 = Release|Any CPU
		{82F1598A-966D-4EFD-818C-19969D53D656}.Release|x64.Deploy.0 = Release|Any CPU
		{82F1598A-966D-4EFD-818C-19969D53D656}.Release|x86.ActiveCfg = Release|Any CPU
		{82F1598A-966D-4EFD-818C-19969D53D656}.Release|x86.Build.0 = Release|Any CPU
		{82F1598A-966D-4EFD-818C-19969D53D656}.Release|x86.Deploy.0 = Release|Any CPU
		{86123C8D-5184-42CC-AA90-3F1A9A869163}.Ad-Hoc|Any CPU.ActiveCfg = Ad-Hoc|iPhone
		{86123C8D-5184-42CC-AA90-3F1A9A869163}.Ad-Hoc|ARM.ActiveCfg = Ad-Hoc|iPhone
		{86123C8D-5184-42CC-AA90-3F1A9A869163}.Ad-Hoc|iPhone.ActiveCfg = Ad-Hoc|iPhone
		{86123C8D-5184-42CC-AA90-3F1A9A869163}.Ad-Hoc|iPhone.Build.0 = Ad-Hoc|iPhone
		{86123C8D-5184-42CC-AA90-3F1A9A869163}.Ad-Hoc|iPhoneSimulator.ActiveCfg = Ad-Hoc|iPhoneSimulator
		{86123C8D-5184-42CC-AA90-3F1A9A869163}.Ad-Hoc|iPhoneSimulator.Build.0 = Ad-Hoc|iPhoneSimulator
		{86123C8D-5184-42CC-AA90-3F1A9A869163}.Ad-Hoc|x64.ActiveCfg = Ad-Hoc|iPhone
		{86123C8D-5184-42CC-AA90-3F1A9A869163}.Ad-Hoc|x86.ActiveCfg = Ad-Hoc|iPhone
		{86123C8D-5184-42CC-AA90-3F1A9A869163}.AppStore|Any CPU.ActiveCfg = AppStore|iPhone
		{86123C8D-5184-42CC-AA90-3F1A9A869163}.AppStore|ARM.ActiveCfg = AppStore|iPhone
		{86123C8D-5184-42CC-AA90-3F1A9A869163}.AppStore|iPhone.ActiveCfg = AppStore|iPhone
		{86123C8D-5184-42CC-AA90-3F1A9A869163}.AppStore|iPhone.Build.0 = AppStore|iPhone
		{86123C8D-5184-42CC-AA90-3F1A9A869163}.AppStore|iPhoneSimulator.ActiveCfg = AppStore|iPhoneSimulator
		{86123C8D-5184-42CC-AA90-3F1A9A869163}.AppStore|iPhoneSimulator.Build.0 = AppStore|iPhoneSimulator
		{86123C8D-5184-42CC-AA90-3F1A9A869163}.AppStore|x64.ActiveCfg = AppStore|iPhone
		{86123C8D-5184-42CC-AA90-3F1A9A869163}.AppStore|x86.ActiveCfg = AppStore|iPhone
		{86123C8D-5184-42CC-AA90-3F1A9A869163}.Debug|Any CPU.ActiveCfg = Debug|iPhone
		{86123C8D-5184-42CC-AA90-3F1A9A869163}.Debug|ARM.ActiveCfg = Debug|iPhone
		{86123C8D-5184-42CC-AA90-3F1A9A869163}.Debug|iPhone.ActiveCfg = Debug|iPhone
		{86123C8D-5184-42CC-AA90-3F1A9A869163}.Debug|iPhone.Build.0 = Debug|iPhone
		{86123C8D-5184-42CC-AA90-3F1A9A869163}.Debug|iPhoneSimulator.ActiveCfg = Debug|iPhoneSimulator
		{86123C8D-5184-42CC-AA90-3F1A9A869163}.Debug|iPhoneSimulator.Build.0 = Debug|iPhoneSimulator
		{86123C8D-5184-42CC-AA90-3F1A9A869163}.Debug|x64.ActiveCfg = Debug|iPhone
		{86123C8D-5184-42CC-AA90-3F1A9A869163}.Debug|x86.ActiveCfg = Debug|iPhone
		{86123C8D-5184-42CC-AA90-3F1A9A869163}.Release|Any CPU.ActiveCfg = Release|iPhone
		{86123C8D-5184-42CC-AA90-3F1A9A869163}.Release|ARM.ActiveCfg = Release|iPhone
		{86123C8D-5184-42CC-AA90-3F1A9A869163}.Release|iPhone.ActiveCfg = Release|iPhone
		{86123C8D-5184-42CC-AA90-3F1A9A869163}.Release|iPhone.Build.0 = Release|iPhone
		{86123C8D-5184-42CC-AA90-3F1A9A869163}.Release|iPhoneSimulator.ActiveCfg = Release|iPhoneSimulator
		{86123C8D-5184-42CC-AA90-3F1A9A869163}.Release|iPhoneSimulator.Build.0 = Release|iPhoneSimulator
		{86123C8D-5184-42CC-AA90-3F1A9A869163}.Release|x64.ActiveCfg = Release|iPhone
		{86123C8D-5184-42CC-AA90-3F1A9A869163}.Release|x86.ActiveCfg = Release|iPhone
		{CE2FD043-E5B7-42FF-95D3-1ABBD8AA9811}.Ad-Hoc|Any CPU.ActiveCfg = Release|x86
		{CE2FD043-E5B7-42FF-95D3-1ABBD8AA9811}.Ad-Hoc|Any CPU.Build.0 = Release|x86
		{CE2FD043-E5B7-42FF-95D3-1ABBD8AA9811}.Ad-Hoc|Any CPU.Deploy.0 = Release|x86
		{CE2FD043-E5B7-42FF-95D3-1ABBD8AA9811}.Ad-Hoc|ARM.ActiveCfg = Release|ARM
		{CE2FD043-E5B7-42FF-95D3-1ABBD8AA9811}.Ad-Hoc|ARM.Build.0 = Release|ARM
		{CE2FD043-E5B7-42FF-95D3-1ABBD8AA9811}.Ad-Hoc|ARM.Deploy.0 = Release|ARM
		{CE2FD043-E5B7-42FF-95D3-1ABBD8AA9811}.Ad-Hoc|iPhone.ActiveCfg = Release|x86
		{CE2FD043-E5B7-42FF-95D3-1ABBD8AA9811}.Ad-Hoc|iPhone.Build.0 = Release|x86
		{CE2FD043-E5B7-42FF-95D3-1ABBD8AA9811}.Ad-Hoc|iPhone.Deploy.0 = Release|x86
		{CE2FD043-E5B7-42FF-95D3-1ABBD8AA9811}.Ad-Hoc|iPhoneSimulator.ActiveCfg = Release|x86
		{CE2FD043-E5B7-42FF-95D3-1ABBD8AA9811}.Ad-Hoc|iPhoneSimulator.Build.0 = Release|x86
		{CE2FD043-E5B7-42FF-95D3-1ABBD8AA9811}.Ad-Hoc|iPhoneSimulator.Deploy.0 = Release|x86
		{CE2FD043-E5B7-42FF-95D3-1ABBD8AA9811}.Ad-Hoc|x64.ActiveCfg = Release|x64
		{CE2FD043-E5B7-42FF-95D3-1ABBD8AA9811}.Ad-Hoc|x64.Build.0 = Release|x64
		{CE2FD043-E5B7-42FF-95D3-1ABBD8AA9811}.Ad-Hoc|x64.Deploy.0 = Release|x64
		{CE2FD043-E5B7-42FF-95D3-1ABBD8AA9811}.Ad-Hoc|x86.ActiveCfg = Release|x86
		{CE2FD043-E5B7-42FF-95D3-1ABBD8AA9811}.Ad-Hoc|x86.Build.0 = Release|x86
		{CE2FD043-E5B7-42FF-95D3-1ABBD8AA9811}.Ad-Hoc|x86.Deploy.0 = Release|x86
		{CE2FD043-E5B7-42FF-95D3-1ABBD8AA9811}.AppStore|Any CPU.ActiveCfg = Release|x86
		{CE2FD043-E5B7-42FF-95D3-1ABBD8AA9811}.AppStore|Any CPU.Build.0 = Release|x86
		{CE2FD043-E5B7-42FF-95D3-1ABBD8AA9811}.AppStore|Any CPU.Deploy.0 = Release|x86
		{CE2FD043-E5B7-42FF-95D3-1ABBD8AA9811}.AppStore|ARM.ActiveCfg = Release|ARM
		{CE2FD043-E5B7-42FF-95D3-1ABBD8AA9811}.AppStore|ARM.Build.0 = Release|ARM
		{CE2FD043-E5B7-42FF-95D3-1ABBD8AA9811}.AppStore|ARM.Deploy.0 = Release|ARM
		{CE2FD043-E5B7-42FF-95D3-1ABBD8AA9811}.AppStore|iPhone.ActiveCfg = Release|x86
		{CE2FD043-E5B7-42FF-95D3-1ABBD8AA9811}.AppStore|iPhone.Build.0 = Release|x86
		{CE2FD043-E5B7-42FF-95D3-1ABBD8AA9811}.AppStore|iPhone.Deploy.0 = Release|x86
		{CE2FD043-E5B7-42FF-95D3-1ABBD8AA9811}.AppStore|iPhoneSimulator.ActiveCfg = Release|x86
		{CE2FD043-E5B7-42FF-95D3-1ABBD8AA9811}.AppStore|iPhoneSimulator.Build.0 = Release|x86
		{CE2FD043-E5B7-42FF-95D3-1ABBD8AA9811}.AppStore|iPhoneSimulator.Deploy.0 = Release|x86
		{CE2FD043-E5B7-42FF-95D3-1ABBD8AA9811}.AppStore|x64.ActiveCfg = Release|x64
		{CE2FD043-E5B7-42FF-95D3-1ABBD8AA9811}.AppStore|x64.Build.0 = Release|x64
		{CE2FD043-E5B7-42FF-95D3-1ABBD8AA9811}.AppStore|x64.Deploy.0 = Release|x64
		{CE2FD043-E5B7-42FF-95D3-1ABBD8AA9811}.AppStore|x86.ActiveCfg = Release|x86
		{CE2FD043-E5B7-42FF-95D3-1ABBD8AA9811}.AppStore|x86.Build.0 = Release|x86
		{CE2FD043-E5B7-42FF-95D3-1ABBD8AA9811}.AppStore|x86.Deploy.0 = Release|x86
		{CE2FD043-E5B7-42FF-95D3-1ABBD8AA9811}.Debug|Any CPU.ActiveCfg = Debug|x86
		{CE2FD043-E5B7-42FF-95D3-1ABBD8AA9811}.Debug|ARM.ActiveCfg = Debug|ARM
		{CE2FD043-E5B7-42FF-95D3-1ABBD8AA9811}.Debug|ARM.Build.0 = Debug|ARM
		{CE2FD043-E5B7-42FF-95D3-1ABBD8AA9811}.Debug|ARM.Deploy.0 = Debug|ARM
		{CE2FD043-E5B7-42FF-95D3-1ABBD8AA9811}.Debug|iPhone.ActiveCfg = Debug|x86
		{CE2FD043-E5B7-42FF-95D3-1ABBD8AA9811}.Debug|iPhoneSimulator.ActiveCfg = Debug|x86
		{CE2FD043-E5B7-42FF-95D3-1ABBD8AA9811}.Debug|x64.ActiveCfg = Debug|x64
		{CE2FD043-E5B7-42FF-95D3-1ABBD8AA9811}.Debug|x64.Build.0 = Debug|x64
		{CE2FD043-E5B7-42FF-95D3-1ABBD8AA9811}.Debug|x64.Deploy.0 = Debug|x64
		{CE2FD043-E5B7-42FF-95D3-1ABBD8AA9811}.Debug|x86.ActiveCfg = Debug|x86
		{CE2FD043-E5B7-42FF-95D3-1ABBD8AA9811}.Debug|x86.Build.0 = Debug|x86
		{CE2FD043-E5B7-42FF-95D3-1ABBD8AA9811}.Debug|x86.Deploy.0 = Debug|x86
		{CE2FD043-E5B7-42FF-95D3-1ABBD8AA9811}.Release|Any CPU.ActiveCfg = Release|x86
		{CE2FD043-E5B7-42FF-95D3-1ABBD8AA9811}.Release|ARM.ActiveCfg = Release|ARM
		{CE2FD043-E5B7-42FF-95D3-1ABBD8AA9811}.Release|ARM.Build.0 = Release|ARM
		{CE2FD043-E5B7-42FF-95D3-1ABBD8AA9811}.Release|ARM.Deploy.0 = Release|ARM
		{CE2FD043-E5B7-42FF-95D3-1ABBD8AA9811}.Release|iPhone.ActiveCfg = Release|x86
		{CE2FD043-E5B7-42FF-95D3-1ABBD8AA9811}.Release|iPhoneSimulator.ActiveCfg = Release|x86
		{CE2FD043-E5B7-42FF-95D3-1ABBD8AA9811}.Release|x64.ActiveCfg = Release|x64
		{CE2FD043-E5B7-42FF-95D3-1ABBD8AA9811}.Release|x64.Build.0 = Release|x64
		{CE2FD043-E5B7-42FF-95D3-1ABBD8AA9811}.Release|x64.Deploy.0 = Release|x64
		{CE2FD043-E5B7-42FF-95D3-1ABBD8AA9811}.Release|x86.ActiveCfg = Release|x86
		{CE2FD043-E5B7-42FF-95D3-1ABBD8AA9811}.Release|x86.Build.0 = Release|x86
		{CE2FD043-E5B7-42FF-95D3-1ABBD8AA9811}.Release|x86.Deploy.0 = Release|x86
		{DFC8F795-09A6-4FF0-812B-B93EC497AF79}.Ad-Hoc|Any CPU.ActiveCfg = Debug|Any CPU
		{DFC8F795-09A6-4FF0-812B-B93EC497AF79}.Ad-Hoc|Any CPU.Build.0 = Debug|Any CPU
		{DFC8F795-09A6-4FF0-812B-B93EC497AF79}.Ad-Hoc|ARM.ActiveCfg = Debug|Any CPU
		{DFC8F795-09A6-4FF0-812B-B93EC497AF79}.Ad-Hoc|ARM.Build.0 = Debug|Any CPU
		{DFC8F795-09A6-4FF0-812B-B93EC497AF79}.Ad-Hoc|iPhone.ActiveCfg = Debug|Any CPU
		{DFC8F795-09A6-4FF0-812B-B93EC497AF79}.Ad-Hoc|iPhone.Build.0 = Debug|Any CPU
		{DFC8F795-09A6-4FF0-812B-B93EC497AF79}.Ad-Hoc|iPhoneSimulator.ActiveCfg = Debug|Any CPU
		{DFC8F795-09A6-4FF0-812B-B93EC497AF79}.Ad-Hoc|iPhoneSimulator.Build.0 = Debug|Any CPU
		{DFC8F795-09A6-4FF0-812B-B93EC497AF79}.Ad-Hoc|x64.ActiveCfg = Debug|Any CPU
		{DFC8F795-09A6-4FF0-812B-B93EC497AF79}.Ad-Hoc|x64.Build.0 = Debug|Any CPU
		{DFC8F795-09A6-4FF0-812B-B93EC497AF79}.Ad-Hoc|x86.ActiveCfg = Debug|Any CPU
		{DFC8F795-09A6-4FF0-812B-B93EC497AF79}.Ad-Hoc|x86.Build.0 = Debug|Any CPU
		{DFC8F795-09A6-4FF0-812B-B93EC497AF79}.AppStore|Any CPU.ActiveCfg = Debug|Any CPU
		{DFC8F795-09A6-4FF0-812B-B93EC497AF79}.AppStore|Any CPU.Build.0 = Debug|Any CPU
		{DFC8F795-09A6-4FF0-812B-B93EC497AF79}.AppStore|ARM.ActiveCfg = Debug|Any CPU
		{DFC8F795-09A6-4FF0-812B-B93EC497AF79}.AppStore|ARM.Build.0 = Debug|Any CPU
		{DFC8F795-09A6-4FF0-812B-B93EC497AF79}.AppStore|iPhone.ActiveCfg = Debug|Any CPU
		{DFC8F795-09A6-4FF0-812B-B93EC497AF79}.AppStore|iPhone.Build.0 = Debug|Any CPU
		{DFC8F795-09A6-4FF0-812B-B93EC497AF79}.AppStore|iPhoneSimulator.ActiveCfg = Debug|Any CPU
		{DFC8F795-09A6-4FF0-812B-B93EC497AF79}.AppStore|iPhoneSimulator.Build.0 = Debug|Any CPU
		{DFC8F795-09A6-4FF0-812B-B93EC497AF79}.AppStore|x64.ActiveCfg = Debug|Any CPU
		{DFC8F795-09A6-4FF0-812B-B93EC497AF79}.AppStore|x64.Build.0 = Debug|Any CPU
		{DFC8F795-09A6-4FF0-812B-B93EC497AF79}.AppStore|x86.ActiveCfg = Debug|Any CPU
		{DFC8F795-09A6-4FF0-812B-B93EC497AF79}.AppStore|x86.Build.0 = Debug|Any CPU
		{DFC8F795-09A6-4FF0-812B-B93EC497AF79}.Debug|Any CPU.ActiveCfg = Debug|Any CPU
		{DFC8F795-09A6-4FF0-812B-B93EC497AF79}.Debug|Any CPU.Build.0 = Debug|Any CPU
		{DFC8F795-09A6-4FF0-812B-B93EC497AF79}.Debug|ARM.ActiveCfg = Debug|Any CPU
		{DFC8F795-09A6-4FF0-812B-B93EC497AF79}.Debug|ARM.Build.0 = Debug|Any CPU
		{DFC8F795-09A6-4FF0-812B-B93EC497AF79}.Debug|iPhone.ActiveCfg = Debug|Any CPU
		{DFC8F795-09A6-4FF0-812B-B93EC497AF79}.Debug|iPhone.Build.0 = Debug|Any CPU
		{DFC8F795-09A6-4FF0-812B-B93EC497AF79}.Debug|iPhoneSimulator.ActiveCfg = Debug|Any CPU
		{DFC8F795-09A6-4FF0-812B-B93EC497AF79}.Debug|iPhoneSimulator.Build.0 = Debug|Any CPU
		{DFC8F795-09A6-4FF0-812B-B93EC497AF79}.Debug|x64.ActiveCfg = Debug|Any CPU
		{DFC8F795-09A6-4FF0-812B-B93EC497AF79}.Debug|x64.Build.0 = Debug|Any CPU
		{DFC8F795-09A6-4FF0-812B-B93EC497AF79}.Debug|x86.ActiveCfg = Debug|Any CPU
		{DFC8F795-09A6-4FF0-812B-B93EC497AF79}.Debug|x86.Build.0 = Debug|Any CPU
		{DFC8F795-09A6-4FF0-812B-B93EC497AF79}.Release|Any CPU.ActiveCfg = Release|Any CPU
		{DFC8F795-09A6-4FF0-812B-B93EC497AF79}.Release|Any CPU.Build.0 = Release|Any CPU
		{DFC8F795-09A6-4FF0-812B-B93EC497AF79}.Release|ARM.ActiveCfg = Release|Any CPU
		{DFC8F795-09A6-4FF0-812B-B93EC497AF79}.Release|ARM.Build.0 = Release|Any CPU
		{DFC8F795-09A6-4FF0-812B-B93EC497AF79}.Release|iPhone.ActiveCfg = Release|Any CPU
		{DFC8F795-09A6-4FF0-812B-B93EC497AF79}.Release|iPhone.Build.0 = Release|Any CPU
		{DFC8F795-09A6-4FF0-812B-B93EC497AF79}.Release|iPhoneSimulator.ActiveCfg = Release|Any CPU
		{DFC8F795-09A6-4FF0-812B-B93EC497AF79}.Release|iPhoneSimulator.Build.0 = Release|Any CPU
		{DFC8F795-09A6-4FF0-812B-B93EC497AF79}.Release|x64.ActiveCfg = Release|Any CPU
		{DFC8F795-09A6-4FF0-812B-B93EC497AF79}.Release|x64.Build.0 = Release|Any CPU
		{DFC8F795-09A6-4FF0-812B-B93EC497AF79}.Release|x86.ActiveCfg = Release|Any CPU
		{DFC8F795-09A6-4FF0-812B-B93EC497AF79}.Release|x86.Build.0 = Release|Any CPU
	EndGlobalSection
	GlobalSection(SolutionProperties) = preSolution
		HideSolutionNode = FALSE
	EndGlobalSection
	GlobalSection(NestedProjects) = preSolution
		{4A60A5F6-CCBA-427F-B31E-5D6E59038F6B} = {BF4BE529-353B-409B-97DC-C103823235C0}
		{34D31034-0E05-400F-AC6A-A872A41E33DD} = {BF4BE529-353B-409B-97DC-C103823235C0}
		{723AFBE6-B448-4A6B-85D1-C1238CF66E41} = {BF4BE529-353B-409B-97DC-C103823235C0}
		{0ADAD8E5-770C-4F3F-A043-03D49280B6FF} = {BF4BE529-353B-409B-97DC-C103823235C0}
		{82F1598A-966D-4EFD-818C-19969D53D656} = {3E26D345-0F7B-4EAB-B189-C5EA2247A90A}
		{86123C8D-5184-42CC-AA90-3F1A9A869163} = {3E26D345-0F7B-4EAB-B189-C5EA2247A90A}
		{CE2FD043-E5B7-42FF-95D3-1ABBD8AA9811} = {3E26D345-0F7B-4EAB-B189-C5EA2247A90A}
		{DFC8F795-09A6-4FF0-812B-B93EC497AF79} = {3E26D345-0F7B-4EAB-B189-C5EA2247A90A}
	EndGlobalSection
	GlobalSection(ExtensibilityGlobals) = postSolution
		SolutionGuid = {029DDBD5-1BC2-4A1C-817C-8812063BB34F}
	EndGlobalSection
EndGlobal
